<?xml version="1.0" encoding="utf-8"?>
<Project ToolsVersion="4.0" xmlns="http://schemas.microsoft.com/developer/msbuild/2003">
  <ItemGroup>
    <Filter Include="Source Files">
      <UniqueIdentifier>{4FC737F1-C7A5-4376-A066-2A32D752A2FF}</UniqueIdentifier>
      <Extensions>cpp;c;cc;cxx;def;odl;idl;hpj;bat;asm;asmx</Extensions>
    </Filter>
    <Filter Include="Header Files">
      <UniqueIdentifier>{93995380-89BD-4b04-88EB-625FBE52EBFB}</UniqueIdentifier>
      <Extensions>h;hh;hpp;hxx;hm;inl;inc;xsd</Extensions>
    </Filter>
    <Filter Include="Resource Files">
      <UniqueIdentifier>{67DA6AB6-F800-4c08-8B7A-83BB121AAD01}</UniqueIdentifier>
      <Extensions>rc;ico;cur;bmp;dlg;rc2;rct;bin;rgs;gif;jpg;jpeg;jpe;resx;tiff;tif;png;wav;mfcribbon-ms</Extensions>
    </Filter>
  </ItemGroup>
  <ItemGroup>
    <Image Include="..\AatroxSquare.png">
      <Filter>Resource Files</Filter>
    </Image>
    <Image Include="..\AhriSquare.png">
      <Filter>Resource Files</Filter>
    </Image>
    <Image Include="..\AkaliSquare.png">
      <Filter>Resource Files</Filter>
    </Image>
    <Image Include="..\AlistarSquare.png">
      <Filter>Resource Files</Filter>
    </Image>
    <Image Include="..\AmumuSquare.png">
      <Filter>Resource Files</Filter>
    </Image>
    <Image Include="..\AniviaSquare.png">
      <Filter>Resource Files</Filter>
    </Image>
    <Image Include="..\AnnieSquare.png">
      <Filter>Resource Files</Filter>
    </Image>
    <Image Include="..\AsheSquare.png">
      <Filter>Resource Files</Filter>
    </Image>
    <Image Include="..\Aurelion SolSquare.png">
      <Filter>Resource Files</Filter>
    </Image>
    <Image Include="..\AzirSquare.png">
      <Filter>Resource Files</Filter>
    </Image>
    <Image Include="..\background.png">
      <Filter>Resource Files</Filter>
    </Image>
    <Image Include="..\BardSquare.png">
      <Filter>Resource Files</Filter>
    </Image>
    <Image Include="..\BlitzcrankSquare.png">
      <Filter>Resource Files</Filter>
    </Image>
    <Image Include="..\blueside.png">
      <Filter>Resource Files</Filter>
    </Image>
    <Image Include="..\BrandSquare.png">
      <Filter>Resource Files</Filter>
    </Image>
    <Image Include="..\BraumSquare.png">
      <Filter>Resource Files</Filter>
    </Image>
    <Image Include="..\CaitlynSquare.png">
      <Filter>Resource Files</Filter>
    </Image>
    <Image Include="..\CamilleSquare.png">
      <Filter>Resource Files</Filter>
    </Image>
    <Image Include="..\CassiopeiaSquare.png">
      <Filter>Resource Files</Filter>
    </Image>
    <Image Include="..\Cho%27GathSquare.png">
      <Filter>Resource Files</Filter>
    </Image>
    <Image Include="..\CorkiSquare.png">
      <Filter>Resource Files</Filter>
    </Image>
    <Image Include="..\cute_image.jpg">
      <Filter>Resource Files</Filter>
    </Image>
    <Image Include="..\DariusSquare.png">
      <Filter>Resource Files</Filter>
    </Image>
    <Image Include="..\DianaSquare.png">
      <Filter>Resource Files</Filter>
    </Image>
    <Image Include="..\Dr. MundoSquare.png">
      <Filter>Resource Files</Filter>
    </Image>
    <Image Include="..\DravenSquare.png">
      <Filter>Resource Files</Filter>
    </Image>
    <Image Include="..\EkkoSquare.png">
      <Filter>Resource Files</Filter>
    </Image>
    <Image Include="..\EliseSquare.png">
      <Filter>Resource Files</Filter>
    </Image>
    <Image Include="..\Env_Color_Base.jpg">
      <Filter>Resource Files</Filter>
    </Image>
    <Image Include="..\EvelynnSquare.png">
      <Filter>Resource Files</Filter>
    </Image>
    <Image Include="..\EzrealSquare.png">
      <Filter>Resource Files</Filter>
    </Image>
    <Image Include="..\FiddlesticksSquare.png">
      <Filter>Resource Files</Filter>
    </Image>
    <Image Include="..\FioraSquare.png">
      <Filter>Resource Files</Filter>
    </Image>
    <Image Include="..\FizzSquare.png">
      <Filter>Resource Files</Filter>
    </Image>
    <Image Include="..\GalioSquare.png">
      <Filter>Resource Files</Filter>
    </Image>
    <Image Include="..\GangplankSquare.png">
      <Filter>Resource Files</Filter>
    </Image>
    <Image Include="..\GarenSquare.png">
      <Filter>Resource Files</Filter>
    </Image>
    <Image Include="..\GnarSquare.png">
      <Filter>Resource Files</Filter>
    </Image>
    <Image Include="..\GragasSquare (1).png">
      <Filter>Resource Files</Filter>
    </Image>
    <Image Include="..\GragasSquare.png">
      <Filter>Resource Files</Filter>
    </Image>
    <Image Include="..\GravesSquare.png">
      <Filter>Resource Files</Filter>
    </Image>
    <Image Include="..\HecarimSquare.png">
      <Filter>Resource Files</Filter>
    </Image>
    <Image Include="..\HeimerdingerSquare.png">
      <Filter>Resource Files</Filter>
    </Image>
    <Image Include="..\icon.png">
      <Filter>Resource Files</Filter>
    </Image>
    <Image Include="..\IllaoiSquare.png">
      <Filter>Resource Files</Filter>
    </Image>
    <Image Include="..\IreliaSquare.png">
      <Filter>Resource Files</Filter>
    </Image>
    <Image Include="..\IvernSquare.png">
      <Filter>Resource Files</Filter>
    </Image>
    <Image Include="..\JannaSquare.png">
      <Filter>Resource Files</Filter>
    </Image>
    <Image Include="..\Jarvan IVSquare.png">
      <Filter>Resource Files</Filter>
    </Image>
    <Image Include="..\JaxSquare.png">
      <Filter>Resource Files</Filter>
    </Image>
    <Image Include="..\JayceSquare.png">
      <Filter>Resource Files</Filter>
    </Image>
    <Image Include="..\JhinSquare.png">
      <Filter>Resource Files</Filter>
    </Image>
    <Image Include="..\JinxSquare.png">
      <Filter>Resource Files</Filter>
    </Image>
    <Image Include="..\KalistaSquare.png">
      <Filter>Resource Files</Filter>
    </Image>
    <Image Include="..\KarmaSquare.png">
      <Filter>Resource Files</Filter>
    </Image>
    <Image Include="..\KarthusSquare.png">
      <Filter>Resource Files</Filter>
    </Image>
    <Image Include="..\KassadinSquare.png">
      <Filter>Resource Files</Filter>
    </Image>
    <Image Include="..\KatarinaSquare.png">
      <Filter>Resource Files</Filter>
    </Image>
    <Image Include="..\KayleSquare.png">
      <Filter>Resource Files</Filter>
    </Image>
    <Image Include="..\KaynSquare.png">
      <Filter>Resource Files</Filter>
    </Image>
    <Image Include="..\KennenSquare.png">
      <Filter>Resource Files</Filter>
    </Image>
    <Image Include="..\Kha%27ZixSquare.png">
      <Filter>Resource Files</Filter>
    </Image>
    <Image Include="..\KindredSquare.png">
      <Filter>Resource Files</Filter>
    </Image>
    <Image Include="..\KledSquare.png">
      <Filter>Resource Files</Filter>
    </Image>
    <Image Include="..\Kog%27MawSquare.png">
      <Filter>Resource Files</Filter>
    </Image>
    <Image Include="..\LeBlancSquare.png">
      <Filter>Resource Files</Filter>
    </Image>
    <Image Include="..\Lee SinSquare.png">
      <Filter>Resource Files</Filter>
    </Image>
    <Image Include="..\LeonaSquare.png">
      <Filter>Resource Files</Filter>
    </Image>
    <Image Include="..\LissandraSquare.png">
      <Filter>Resource Files</Filter>
    </Image>
    <Image Include="..\LucianSquare.png">
      <Filter>Resource Files</Filter>
    </Image>
    <Image Include="..\LuluSquare.png">
      <Filter>Resource Files</Filter>
    </Image>
    <Image Include="..\LuxSquare.png">
      <Filter>Resource Files</Filter>
    </Image>
    <Image Include="..\MalphiteSquare.png">
      <Filter>Resource Files</Filter>
    </Image>
    <Image Include="..\MalzaharSquare.png">
      <Filter>Resource Files</Filter>
    </Image>
    <Image Include="..\MaokaiSquare.png">
      <Filter>Resource Files</Filter>
    </Image>
    <Image Include="..\map.png">
      <Filter>Resource Files</Filter>
    </Image>
    <Image Include="..\Master YiSquare.png">
      <Filter>Resource Files</Filter>
    </Image>
    <Image Include="..\Miss FortuneSquare.png">
      <Filter>Resource Files</Filter>
    </Image>
    <Image Include="..\MordekaiserSquare.png">
      <Filter>Resource Files</Filter>
    </Image>
    <Image Include="..\MorganaSquare.png">
      <Filter>Resource Files</Filter>
    </Image>
    <Image Include="..\NamiSquare.png">
      <Filter>Resource Files</Filter>
    </Image>
    <Image Include="..\NasusSquare.png">
      <Filter>Resource Files</Filter>
    </Image>
    <Image Include="..\NautilusSquare.png">
      <Filter>Resource Files</Filter>
    </Image>
    <Image Include="..\NidaleeSquare.png">
      <Filter>Resource Files</Filter>
    </Image>
    <Image Include="..\NocturneSquare.png">
      <Filter>Resource Files</Filter>
    </Image>
    <Image Include="..\NunuSquare.png">
      <Filter>Resource Files</Filter>
    </Image>
    <Image Include="..\OlafSquare.png">
      <Filter>Resource Files</Filter>
    </Image>
    <Image Include="..\OriannaSquare.png">
      <Filter>Resource Files</Filter>
    </Image>
    <Image Include="..\PantheonSquare.png">
      <Filter>Resource Files</Filter>
    </Image>
    <Image Include="..\PoppySquare.png">
      <Filter>Resource Files</Filter>
    </Image>
    <Image Include="..\QuinnSquare.png">
      <Filter>Resource Files</Filter>
    </Image>
    <Image Include="..\RakanSquare.png">
      <Filter>Resource Files</Filter>
    </Image>
    <Image Include="..\RammusSquare.png">
      <Filter>Resource Files</Filter>
    </Image>
    <Image Include="..\Rek%27SaiSquare.png">
      <Filter>Resource Files</Filter>
    </Image>
    <Image Include="..\RenektonSquare.png">
      <Filter>Resource Files</Filter>
    </Image>
    <Image Include="..\RengarSquare.png">
      <Filter>Resource Files</Filter>
    </Image>
    <Image Include="..\RivenSquare.png">
      <Filter>Resource Files</Filter>
    </Image>
    <Image Include="..\RumbleSquare.png">
      <Filter>Resource Files</Filter>
    </Image>
    <Image Include="..\RyzeSquare.png">
      <Filter>Resource Files</Filter>
    </Image>
    <Image Include="..\scoreboard.png">
      <Filter>Resource Files</Filter>
    </Image>
    <Image Include="..\SejuaniSquare.png">
      <Filter>Resource Files</Filter>
    </Image>
    <Image Include="..\ShacoSquare.png">
      <Filter>Resource Files</Filter>
    </Image>
    <Image Include="..\ShenSquare.png">
      <Filter>Resource Files</Filter>
    </Image>
    <Image Include="..\ShyvanaSquare.png">
      <Filter>Resource Files</Filter>
    </Image>
    <Image Include="..\SingedSquare.png">
      <Filter>Resource Files</Filter>
    </Image>
    <Image Include="..\SionSquare.png">
      <Filter>Resource Files</Filter>
    </Image>
    <Image Include="..\SivirSquare.png">
      <Filter>Resource Files</Filter>
    </Image>
    <Image Include="..\SkarnerSquare.png">
      <Filter>Resource Files</Filter>
    </Image>
    <Image Include="..\SonaSquare.png">
      <Filter>Resource Files</Filter>
    </Image>
    <Image Include="..\SorakaSquare.png">
      <Filter>Resource Files</Filter>
    </Image>
    <Image Include="..\SwainSquare.png">
      <Filter>Resource Files</Filter>
    </Image>
    <Image Include="..\SyndraSquare.png">
      <Filter>Resource Files</Filter>
    </Image>
    <Image Include="..\Tahm KenchSquare.png">
      <Filter>Resource Files</Filter>
    </Image>
    <Image Include="..\TaliyahSquare.png">
      <Filter>Resource Files</Filter>
    </Image>
    <Image Include="..\TalonSquare.png">
      <Filter>Resource Files</Filter>
    </Image>
    <Image Include="..\TaricSquare.png">
      <Filter>Resource Files</Filter>
    </Image>
    <Image Include="..\TeemoSquare.png">
      <Filter>Resource Files</Filter>
    </Image>
    <Image Include="..\ThreshSquare.png">
      <Filter>Resource Files</Filter>
    </Image>
    <Image Include="..\Tile.png">
      <Filter>Resource Files</Filter>
    </Image>
    <Image Include="..\TristanaSquare.png">
      <Filter>Resource Files</Filter>
    </Image>
    <Image Include="..\TrundleSquare.png">
      <Filter>Resource Files</Filter>
    </Image>
    <Image Include="..\TryndamereSquare.png">
      <Filter>Resource Files</Filter>
    </Image>
    <Image Include="..\Twisted FateSquare.png">
      <Filter>Resource Files</Filter>
    </Image>
    <Image Include="..\TwitchSquare.png">
      <Filter>Resource Files</Filter>
    </Image>
    <Image Include="..\UdyrSquare.png">
      <Filter>Resource Files</Filter>
    </Image>
    <Image Include="..\UrgotSquare.png">
      <Filter>Resource Files</Filter>
    </Image>
    <Image Include="..\VarusSquare.png">
      <Filter>Resource Files</Filter>
    </Image>
    <Image Include="..\VayneSquare.png">
      <Filter>Resource Files</Filter>
    </Image>
    <Image Include="..\VeigarSquare.png">
      <Filter>Resource Files</Filter>
    </Image>
    <Image Include="..\Vel%27KozSquare.png">
      <Filter>Resource Files</Filter>
    </Image>
    <Image Include="..\ViktorSquare.png">
      <Filter>Resource Files</Filter>
    </Image>
    <Image Include="..\ViSquare.png">
      <Filter>Resource Files</Filter>
    </Image>
    <Image Include="..\VladimirSquare.png">
      <Filter>Resource Files</Filter>
    </Image>
    <Image Include="..\VolibearSquare.png">
      <Filter>Resource Files</Filter>
    </Image>
    <Image Include="..\WarwickSquare.png">
      <Filter>Resource Files</Filter>
    </Image>
    <Image Include="..\WukongSquare.png">
      <Filter>Resource Files</Filter>
    </Image>
    <Image Include="..\XayahSquare.png">
      <Filter>Resource Files</Filter>
    </Image>
    <Image Include="..\XerathSquare.png">
      <Filter>Resource Files</Filter>
    </Image>
    <Image Include="..\Xin ZhaoSquare.png">
      <Filter>Resource Files</Filter>
    </Image>
    <Image Include="..\YasuoSquare.png">
      <Filter>Resource Files</Filter>
    </Image>
    <Image Include="..\YorickSquare.png">
      <Filter>Resource Files</Filter>
    </Image>
    <Image Include="..\ZacSquare.png">
      <Filter>Resource Files</Filter>
    </Image>
    <Image Include="..\ZedSquare.png">
      <Filter>Resource Files</Filter>
    </Image>
    <Image Include="..\ZiggsSquare.png">
      <Filter>Resource Files</Filter>
    </Image>
    <Image Include="..\ZileanSquare.png">
      <Filter>Resource Files</Filter>
    </Image>
    <Image Include="..\ZyraSquare.png">
      <Filter>Resource Files</Filter>
    </Image>
  </ItemGroup>
  <ItemGroup>
    <None Include="..\blueside.xcf" />
    <None Include="..\fight_music1.ogg" />
    <None Include="..\League of Legends Manager-Info.plist" />
    <None Include="..\nice_music.ogg" />
    <None Include="..\ResourcePath.mm" />
    <None Include="..\scoreboard.xcf" />
    <None Include="..\Test-Info.plist" />
  </ItemGroup>
  <ItemGroup>
    <ClCompile Include="..\ChampionList.cpp">
      <Filter>Source Files</Filter>
    </ClCompile>
    <ClCompile Include="..\EventLog.cpp">
      <Filter>Source Files</Filter>
    </ClCompile>
    <ClCompile Include="..\Game.cpp">
      <Filter>Source Files</Filter>
    </ClCompile>
    <ClCompile Include="..\main.cpp">
      <Filter>Source Files</Filter>
    </ClCompile>
    <ClCompile Include="..\Player.cpp">
      <Filter>Source Files</Filter>
    </ClCompile>
    <ClCompile Include="test.cpp">
      <Filter>Source Files</Filter>
    </ClCompile>
  </ItemGroup>
  <ItemGroup>
    <ClInclude Include="..\ChampionList.hpp">
      <Filter>Header Files</Filter>
    </ClInclude>
    <ClInclude Include="..\EventLog.hpp">
      <Filter>Header Files</Filter>
    </ClInclude>
    <ClInclude Include="..\Game.hpp">
      <Filter>Header Files</Filter>
    </ClInclude>
    <ClInclude Include="..\Player.hpp">
      <Filter>Header Files</Filter>
    </ClInclude>
    <ClInclude Include="..\ResourcePath.hpp">
      <Filter>Header Files</Filter>
    </ClInclude>
    <ClInclude Include="test.h">
      <Filter>Header Files</Filter>
    </ClInclude>
  </ItemGroup>
  <ItemGroup>
    <Font Include="..\sansation.ttf" />
  </ItemGroup>
</Project>