// !$*UTF8*$!
{
	archiveVersion = 1;
	classes = {
	};
	objectVersion = 46;
	objects = {

/* Begin PBXBuildFile section */
		160B92B41EF8E563009019DC /* KarthusSquare.png in Resources */ = {isa = PBXBuildFile; fileRef = 160B92811EF8E563009019DC /* KarthusSquare.png */; };
		160B92B51EF8E563009019DC /* KarmaSquare.png in Resources */ = {isa = PBXBuildFile; fileRef = 160B92821EF8E563009019DC /* KarmaSquare.png */; };
		160B92B61EF8E563009019DC /* KalistaSquare.png in Resources */ = {isa = PBXBuildFile; fileRef = 160B92831EF8E563009019DC /* KalistaSquare.png */; };
		160B92B71EF8E563009019DC /* JinxSquare.png in Resources */ = {isa = PBXBuildFile; fileRef = 160B92841EF8E563009019DC /* JinxSquare.png */; };
		160B92B81EF8E563009019DC /* JhinSquare.png in Resources */ = {isa = PBXBuildFile; fileRef = 160B92851EF8E563009019DC /* JhinSquare.png */; };
		160B92B91EF8E563009019DC /* JayceSquare.png in Resources */ = {isa = PBXBuildFile; fileRef = 160B92861EF8E563009019DC /* JayceSquare.png */; };
		160B92BA1EF8E563009019DC /* JaxSquare.png in Resources */ = {isa = PBXBuildFile; fileRef = 160B92871EF8E563009019DC /* JaxSquare.png */; };
		160B92BB1EF8E563009019DC /* Jarvan IVSquare.png in Resources */ = {isa = PBXBuildFile; fileRef = 160B92881EF8E563009019DC /* Jarvan IVSquare.png */; };
		160B92BC1EF8E563009019DC /* JannaSquare.png in Resources */ = {isa = PBXBuildFile; fileRef = 160B92891EF8E563009019DC /* JannaSquare.png */; };
		160B92BD1EF8E563009019DC /* IvernSquare.png in Resources */ = {isa = PBXBuildFile; fileRef = 160B928A1EF8E563009019DC /* IvernSquare.png */; };
		160B92BE1EF8E563009019DC /* IreliaSquare.png in Resources */ = {isa = PBXBuildFile; fileRef = 160B928B1EF8E563009019DC /* IreliaSquare.png */; };
		160B92BF1EF8E563009019DC /* IllaoiSquare.png in Resources */ = {isa = PBXBuildFile; fileRef = 160B928C1EF8E563009019DC /* IllaoiSquare.png */; };
		160B92C01EF8E563009019DC /* HeimerdingerSquare.png in Resources */ = {isa = PBXBuildFile; fileRef = 160B928D1EF8E563009019DC /* HeimerdingerSquare.png */; };
		160B92C11EF8E563009019DC /* HecarimSquare.png in Resources */ = {isa = PBXBuildFile; fileRef = 160B928E1EF8E563009019DC /* HecarimSquare.png */; };
		160B92C21EF8E563009019DC /* GravesSquare.png in Resources */ = {isa = PBXBuildFile; fileRef = 160B928F1EF8E563009019DC /* GravesSquare.png */; };
		160B92C31EF8E563009019DC /* GragasSquare (1).png in Resources */ = {isa = PBXBuildFile; fileRef = 160B92901EF8E563009019DC /* GragasSquare (1).png */; };
		160B92C41EF8E563009019DC /* GragasSquare.png in Resources */ = {isa = PBXBuildFile; fileRef = 160B92911EF8E563009019DC /* GragasSquare.png */; };
		160B92C51EF8E563009019DC /* GnarSquare.png in Resources */ = {isa = PBXBuildFile; fileRef = 160B92921EF8E563009019DC /* GnarSquare.png */; };
		160B92C61EF8E563009019DC /* GarenSquare.png in Resources */ = {isa = PBXBuildFile; fileRef = 160B92931EF8E563009019DC /* GarenSquare.png */; };
		160B92C71EF8E563009019DC /* GangplankSquare.png in Resources */ = {isa = PBXBuildFile; fileRef = 160B92941EF8E563009019DC /* GangplankSquare.png */; };
		160B92C81EF8E563009019DC /* GalioSquare.png in Resources */ = {isa = PBXBuildFile; fileRef = 160B92951EF8E563009019DC /* GalioSquare.png */; };
		160B92C91EF8E563009019DC /* FizzSquare.png in Resources */ = {isa = PBXBuildFile; fileRef = 160B92961EF8E563009019DC /* FizzSquare.png */; };
		160B92CA1EF8E563009019DC /* FioraSquare.png in Resources */ = {isa = PBXBuildFile; fileRef = 160B92971EF8E563009019DC /* FioraSquare.png */; };
		160B92CB1EF8E563009019DC /* FiddlesticksSquare.png in Resources */ = {isa = PBXBuildFile; fileRef = 160B92981EF8E563009019DC /* FiddlesticksSquare.png */; };
		160B92CC1EF8E563009019DC /* EzrealSquare.png in Resources */ = {isa = PBXBuildFile; fileRef = 160B92991EF8E563009019DC /* EzrealSquare.png */; };
		160B92CD1EF8E563009019DC /* EvelynnSquare.png in Resources */ = {isa = PBXBuildFile; fileRef = 160B929A1EF8E563009019DC /* EvelynnSquare.png */; };
		160B92CE1EF8E563009019DC /* EliseSquare.png in Resources */ = {isa = PBXBuildFile; fileRef = 160B929B1EF8E563009019DC /* EliseSquare.png */; };
		160B92CF1EF8E563009019DC /* EkkoSquare.png in Resources */ = {isa = PBXBuildFile; fileRef = 160B929C1EF8E563009019DC /* EkkoSquare.png */; };
		160B92D01EF8E563009019DC /* DravenSquare.png in Resources */ = {isa = PBXBuildFile; fileRef = 160B929D1EF8E563009019DC /* DravenSquare.png */; };
		160B92D11EF8E563009019DC /* Dr. MundoSquare.png in Resources */ = {isa = PBXBuildFile; fileRef = 160B929E1EF8E563009019DC /* Dr. MundoSquare.png */; };
		160B92D21EF8E563009019DC /* DianaSquare.png in Resources */ = {isa = PBXBuildFile; fileRef = 160B929F1EF8E563009019DC /* DianaSquare.png */; };
		160B92D31EF8E563009019DC /* DariusSquare.png in Resources */ = {isa = PBXBuildFile; fileRef = 160B92A01EF8E563009019DC /* DariusSquare.png */; };
		160B92D41EF8E563009019DC /* CorkiSquare.png in Resources */ = {isa = PBXBuildFile; fileRef = 160B92A11EF8E563009019DC /* CorkiSquare.png */; };
		160B92D51EF8E563009019DC /* Cho'GathSquare.png in Resources */ = {isa = PBXBuildFile; fileRef = 160B92A21EF8E563009019DC /* Cho'GathSquare.png */; };
		160B92D61EF8E563009019DC /* CassiopeiaSquare.png in Resources */ = {isa = PBXBuildFile; fileRef = 160B92A31EF8E563009019DC /* CassiopeiaSquare.png */; };
		160B92D71EF8E563009019DC /* CamilleSquare.png in Resources */ = {isa = PBXBuildFile; fileRef = 160B92A41EF8E563009019DC /* CamilleSquare.png */; };
		160B92D81EF8E563009019DC /* CaitlynSquare.png in Resources */ = {isa = PBXBuildFile; fileRef = 160B92A51EF8E563009019DC /* CaitlynSquare.png */; };
		160B92D91EF8E563009019DC /* BraumSquare.png in Resources */ = {isa = PBXBuildFile; fileRef = 160B92A61EF8E563009019DC /* BraumSquare.png */; };
		160B92DA1EF8E563009019DC /* BrandSquare.png in Resources */ = {isa = PBXBuildFile; fileRef = 160B92A71EF8E563009019DC /* BrandSquare.png */; };
		160B92DB1EF8E563009019DC /* BlitzcrankSquare.png in Resources */ = {isa = PBXBuildFile; fileRef = 160B92A81EF8E563009019DC /* BlitzcrankSquare.png */; };
		160B92DC1EF8E563009019DC /* BardSquare.png in Resources */ = {isa = PBXBuildFile; fileRef = 160B92A91EF8E563009019DC /* BardSquare.png */; };
		160B92DD1EF8E563009019DC /* AzirSquare.png in Resources */ = {isa = PBXBuildFile; fileRef = 160B92AA1EF8E563009019DC /* AzirSquare.png */; };
		160B92DE1EF8E563009019DC /* Aurelion SolSquare.png in Resources */ = {isa = PBXBuildFile; fileRef = 160B92AB1EF8E563009019DC /* Aurelion SolSquare.png */; };
		160B92DF1EF8E563009019DC /* AsheSquare.png in Resources */ = {isa = PBXBuildFile; fileRef = 160B92AC1EF8E563009019DC /* AsheSquare.png */; };
		160B92E01EF8E563009019DC /* AnnieSquare.png in Resources */ = {isa = PBXBuildFile; fileRef = 160B92AD1EF8E563009019DC /* AnnieSquare.png */; };
		160B92E11EF8E563009019DC /* AniviaSquare.png in Resources */ = {isa = PBXBuildFile; fileRef = 160B92AE1EF8E563009019DC /* AniviaSquare.png */; };
		160B92E21EF8E563009019DC /* AmumuSquare.png in Resources */ = {isa = PBXBuildFile; fileRef = 160B92AF1EF8E563009019DC /* AmumuSquare.png */; };
		160B92E31EF8E563009019DC /* AlistarSquare.png in Resources */ = {isa = PBXBuildFile; fileRef = 160B92B01EF8E563009019DC /* AlistarSquare.png */; };
		160B92E41EF8E563009019DC /* AkaliSquare.png in Resources */ = {isa = PBXBuildFile; fileRef = 160B92B11EF8E563009019DC /* AkaliSquare.png */; };
		160B92E51EF8E563009019DC /* AhriSquare.png in Resources */ = {isa = PBXBuildFile; fileRef = 160B92B21EF8E563009019DC /* AhriSquare.png */; };
		160B92E61EF8E563009019DC /* AatroxSquare.png in Resources */ = {isa = PBXBuildFile; fileRef = 160B92B31EF8E563009019DC /* AatroxSquare.png */; };
		160B933D1EF9148B009019DC /* ZyraSquare.png in Resources */ = {isa = PBXBuildFile; fileRef = 160B92E71EF9148B009019DC /* ZyraSquare.png */; };
		160B933E1EF9148B009019DC /* ZileanSquare.png in Resources */ = {isa = PBXBuildFile; fileRef = 160B92E81EF9148B009019DC /* ZileanSquare.png */; };
		160B933F1EF9148B009019DC /* ZiggsSquare.png in Resources */ = {isa = PBXBuildFile; fileRef = 160B92E91EF9148B009019DC /* ZiggsSquare.png */; };
		160B93401EF9148B009019DC /* ZedSquare.png in Resources */ = {isa = PBXBuildFile; fileRef = 160B92EA1EF9148B009019DC /* ZedSquare.png */; };
		160B93411EF9148B009019DC /* ZacSquare.png in Resources */ = {isa = PBXBuildFile; fileRef = 160B92EB1EF9148B009019DC /* ZacSquare.png */; };
		160B93421EF9148B009019DC /* YorickSquare.png in Resources */ = {isa = PBXBuildFile; fileRef = 160B92EC1EF9148B009019DC /* YorickSquare.png */; };
		160B93431EF9148B009019DC /* YasuoSquare.png in Resources */ = {isa = PBXBuildFile; fileRef = 160B92ED1EF9148B009019DC /* YasuoSquare.png */; };
		160B93451EF9148B009019DC /* XerathSquare.png in Resources */ = {isa = PBXBuildFile; fileRef = 160B92EF1EF9148B009019DC /* XerathSquare.png */; };
		160B93461EF9148B009019DC /* XayahSquare.png in Resources */ = {isa = PBXBuildFile; fileRef = 160B92F01EF9148B009019DC /* XayahSquare.png */; };
		160B93471EF9148B009019DC /* WukongSquare.png in Resources */ = {isa = PBXBuildFile; fileRef = 160B92F11EF9148B009019DC /* WukongSquare.png */; };
		160B93481EF9148B009019DC /* WarwickSquare.png in Resources */ = {isa = PBXBuildFile; fileRef = 160B92F21EF9148B009019DC /* WarwickSquare.png */; };
		160B93491EF9148B009019DC /* VolibearSquare.png in Resources */ = {isa = PBXBuildFile; fileRef = 160B92F31EF9148B009019DC /* VolibearSquare.png */; };
		160B934A1EF9148B009019DC /* VladimirSquare.png in Resources */ = {isa = PBXBuildFile; fileRef = 160B92F41EF9148B009019DC /* VladimirSquare.png */; };
		160B934B1EF9148B009019DC /* ViSquare.png in Resources */ = {isa = PBXBuildFile; fileRef = 160B92F51EF9148B009019DC /* ViSquare.png */; };
		160B934C1EF9148B009019DC /* ViktorSquare.png in Resources */ = {isa = PBXBuildFile; fileRef = 160B92F61EF9148B009019DC /* ViktorSquare.png */; };
		160B934D1EF9148B009019DC /* Vel'KozSquare.png in Resources */ = {isa = PBXBuildFile; fileRef = 160B92F71EF9148B009019DC /* Vel'KozSquare.png */; };
		160B934E1EF9148B009019DC /* VeigarSquare.png in Resources */ = {isa = PBXBuildFile; fileRef = 160B92F81EF9148B009019DC /* VeigarSquare.png */; };
		160B934F1EF9148B009019DC /* VayneSquare.png in Resources */ = {isa = PBXBuildFile; fileRef = 160B92F91EF9148B009019DC /* VayneSquare.png */; };
		160B93501EF9148B009019DC /* VarusSquare.png in Resources */ = {isa = PBXBuildFile; fileRef = 160B92FA1EF9148B009019DC /* VarusSquare.png */; };
		160B93511EF9148B009019DC /* UrgotSquare.png in Resources */ = {isa = PBXBuildFile; fileRef = 160B92FB1EF9148B009019DC /* UrgotSquare.png */; };
		160B93521EF9148B009019DC /* UdyrSquare.png in Resources */ = {isa = PBXBuildFile; fileRef = 160B92FC1EF9148B009019DC /* UdyrSquare.png */; };
		160B93531EF9148B009019DC /* TwitchSquare.png in Resources */ = {isa = PBXBuildFile; fileRef = 160B92FD1EF9148B009019DC /* TwitchSquare.png */; };
		160B93551EF9148B009019DC /* TryndamereSquare.png in Resources */ = {isa = PBXBuildFile; fileRef = 160B92FF1EF9148B009019DC /* TryndamereSquare.png */; };
		160B93561EF9148B009019DC /* TrundleSquare.png in Resources */ = {isa = PBXBuildFile; fileRef = 160B93001EF9148B009019DC /* TrundleSquare.png */; };
		160B93571EF9148B009019DC /* TristanaSquare.png in Resources */ = {isa = PBXBuildFile; fileRef = 160B93011EF9148B009019DC /* TristanaSquare.png */; };
		160B93581EF9148B009019DC /* ThreshSquare.png in Resources */ = {isa = PBXBuildFile; fileRef = 160B93021EF9148B009019DC /* ThreshSquare.png */; };
		160B93591EF9148B009019DC /* TeemoSquare.png in Resources */ = {isa = PBXBuildFile; fileRef = 160B93031EF9148B009019DC /* TeemoSquare.png */; };
		160B935A1EF9148B009019DC /* TaricSquare.png in Resources */ = {isa = PBXBuildFile; fileRef = 160B93041EF9148B009019DC /* TaricSquare.png */; };
		160B935B1EF9148B009019DC /* TalonSquare.png in Resources */ = {isa = PBXBuildFile; fileRef = 160B93051EF9148B009019DC /* TalonSquare.png */; };
		160B935C1EF9148B009019DC /* TaliyahSquare.png in Resources */ = {isa = PBXBuildFile; fileRef = 160B93061EF9148B009019DC /* TaliyahSquare.png */; };
		160B935D1EF9148B009019DC /* Tahm KenchSquare.png in Resources */ = {isa = PBXBuildFile; fileRef = 160B93071EF9148B009019DC /* Tahm KenchSquare.png */; };
		160B935E1EF9148B009019DC /* SyndraSquare.png in Resources */ = {isa = PBXBuildFile; fileRef = 160B93081EF9148B009019DC /* SyndraSquare.png */; };
		160B935F1EF9148B009019DC /* SwainSquare.png in Resources */ = {isa = PBXBuildFile; fileRef = 160B93091EF9148B009019DC /* SwainSquare.png */; };
		160B93601EF9148B009019DC /* SorakaSquare.png in Resources */ = {isa = PBXBuildFile; fileRef = 160B930A1EF9148B009019DC /* SorakaSquare.png */; };
		160B93611EF9148B009019DC /* SonaSquare.png in Resources */ = {isa = PBXBuildFile; fileRef = 160B930B1EF9148B009019DC /* SonaSquare.png */; };
		160B93621EF9148B009019DC /* SkarnerSquare.png in Resources */ = {isa = PBXBuildFile; fileRef = 160B930C1EF9148B009019DC /* SkarnerSquare.png */; };
		160B93631EF9148B009019DC /* SivirSquare.png in Resources */ = {isa = PBXBuildFile; fileRef = 160B930D1EF9148B009019DC /* SivirSquare.png */; };
		160B93641EF9148B009019DC /* SionSquare.png in Resources */ = {isa = PBXBuildFile; fileRef = 160B930E1EF9148B009019DC /* SionSquare.png */; };
		160B93651EF9148B009019DC /* SingedSquare.png in Resources */ = {isa = PBXBuildFile; fileRef = 160B930F1EF9148B009019DC /* SingedSquare.png */; };
		160B93661EF9148B009019DC /* ShyvanaSquare.png in Resources */ = {isa = PBXBuildFile; fileRef = 160B93101EF9148B009019DC /* ShyvanaSquare.png */; };
		160B93671EF9148B009019DC /* ShenSquare.png in Resources */ = {isa = PBXBuildFile; fileRef = 160B93111EF9148B009019DC /* ShenSquare.png */; };
		160B93681EF9148B009019DC /* ShacoSquare.png in Resources */ = {isa = PBXBuildFile; fileRef = 160B93121EF9148B009019DC /* ShacoSquare.png */; };
		160B93691EF9148B009019DC /* SejuaniSquare.png in Resources */ = {isa = PBXBuildFile; fileRef = 160B93131EF9148B009019DC /* SejuaniSquare.png */; };
		160B936A1EF9148B009019DC /* RyzeSquare.png in Resources */ = {isa = PBXBuildFile; fileRef = 160B93141EF9148B009019DC /* RyzeSquare.png */; };
		160B936B1EF9148B009019DC /* RumbleSquare.png in Resources */ = {isa = PBXBuildFile; fileRef = 160B93151EF9148B009019DC /* RumbleSquare.png */; };
		160B936C1EF9148B009019DC /* RivenSquare.png in Resources */ = {isa = PBXBuildFile; fileRef = 160B93161EF9148B009019DC /* RivenSquare.png */; };
		160B936D1EF9148B009019DC /* RengarSquare.png in Resources */ = {isa = PBXBuildFile; fileRef = 160B93171EF9148B009019DC /* RengarSquare.png */; };
		160B936E1EF9148B009019DC /* RenektonSquare.png in Resources */ = {isa = PBXBuildFile; fileRef = 160B93181EF9148B009019DC /* RenektonSquare.png */; };
		160B936F1EF9148B009019DC /* Rek'SaiSquare.png in Resources */ = {isa = PBXBuildFile; fileRef = 160B93191EF9148B009019DC /* Rek'SaiSquare.png */; };
		160B93701EF9148B009019DC /* RammusSquare.png in Resources */ = {isa = PBXBuildFile; fileRef = 160B931A1EF9148B009019DC /* RammusSquare.png */; };
		160B93711EF9148B009019DC /* RakanSquare.png in Resources */ = {isa = PBXBuildFile; fileRef = 160B931B1EF9148B009019DC /* RakanSquare.png */; };
		160B93721EF9148B009019DC /* QuinnSquare.png in Resources */ = {isa = PBXBuildFile; fileRef = 160B931C1EF9148B009019DC /* QuinnSquare.png */; };
		160B93731EF9148B009019DC /* PoppySquare.png in Resources */ = {isa = PBXBuildFile; fileRef = 160B931D1EF9148B009019DC /* PoppySquare.png */; };
		160B93741EF9148B009019DC /* PantheonSquare.png in Resources */ = {isa = PBXBuildFile; fileRef = 160B931E1EF9148B009019DC /* PantheonSquare.png */; };
		160B93751EF9148B009019DC /* OriannaSquare.png in Resources */ = {isa = PBXBuildFile; fileRef = 160B931F1EF9148B009019DC /* OriannaSquare.png */; };
		160B93761EF9148B009019DC /* OlafSquare.png in Resources */ = {isa = PBXBuildFile; fileRef = 160B93201EF9148B009019DC /* OlafSquare.png */; };
		160B93771EF9148B009019DC /* NunuSquare.png in Resources */ = {isa = PBXBuildFile; fileRef = 160B93211EF9148B009019DC /* NunuSquare.png */; };
		160B93781EF9148B009019DC /* NocturneSquare.png in Resources */ = {isa = PBXBuildFile; fileRef = 160B93221EF9148B009019DC /* NocturneSquare.png */; };
		160B93791EF9148B009019DC /* NidaleeSquare.png in Resources */ = {isa = PBXBuildFile; fileRef = 160B93231EF9148B009019DC /* NidaleeSquare.png */; };
		160B937A1EF9148B009019DC /* NautilusSquare.png in Resources */ = {isa = PBXBuildFile; fileRef = 160B93241EF9148B009019DC /* NautilusSquare.png */; };
		160B937B1EF9148B009019DC /* NasusSquare.png in Resources */ = {isa = PBXBuildFile; fileRef = 160B93251EF9148B009019DC /* NasusSquare.png */; };
		160B937C1EF9148B009019DC /* NamiSquare.png in Resources */ = {isa = PBXBuildFile; fileRef = 160B93261EF9148B009019DC /* NamiSquare.png */; };
		160B937D1EF9148B009019DC /* MorganaSquare.png in Resources */ = {isa = PBXBuildFile; fileRef = 160B93271EF9148B009019DC /* MorganaSquare.png */; };
		160B937E1EF9148B009019DC /* MordekaiserSquare.png in Resources */ = {isa = PBXBuildFile; fileRef = 160B93281EF9148B009019DC /* MordekaiserSquare.png */; };
		160B937F1EF9148B009019DC /* Miss FortuneSquare.png in Resources */ = {isa = PBXBuildFile; fileRef = 160B93291EF9148B009019DC /* Miss FortuneSquare.png */; };
		160B93801EF9148B009019DC /* Master YiSquare.png in Resources */ = {isa = PBXBuildFile; fileRef = 160B932A1EF9148B009019DC /* Master YiSquare.png */; };
		160B93811EF9148B009019DC /* MaokaiSquare.png in Resources */ = {isa = PBXBuildFile; fileRef = 160B932B1EF9148B009019DC /* MaokaiSquare.png */; };
		160B93821EF9148B009019DC /* MalzaharSquare.png in Resources */ = {isa = PBXBuildFile; fileRef = 160B932C1EF9148B009019DC /* MalzaharSquare.png */; };
		160B93831EF9148B009019DC /* MalphiteSquare.png in Resources */ = {isa = PBXBuildFile; fileRef = 160B932D1EF9148B009019DC /* MalphiteSquare.png */; };
		160B93841EF9148B009019DC /* LuxSquare.png in Resources */ = {isa = PBXBuildFile; fileRef = 160B932E1EF9148B009019DC /* LuxSquare.png */; };
		160B93851EF9148B009019DC /* LuluSquare.png in Resources */ = {isa = PBXBuildFile; fileRef = 160B932F1EF9148B009019DC /* LuluSquare.png */; };
		160B93861EF9148B009019DC /* LucianSquare.png in Resources */ = {isa = PBXBuildFile; fileRef = 160B93301EF9148B009019DC /* LucianSquare.png */; };
		160B93871EF9148B009019DC /* LissandraSquare.png in Resources */ = {isa = PBXBuildFile; fileRef = 160B93311EF9148B009019DC /* LissandraSquare.png */; };
		160B93881EF9148B009019DC /* LeonaSquare.png in Resources */ = {isa = PBXBuildFile; fileRef = 160B93321EF9148B009019DC /* LeonaSquare.png */; };
		160B93891EF9148B009019DC /* Lee SinSquare.png in Resources */ = {isa = PBXBuildFile; fileRef = 160B93331EF9148B009019DC /* Lee SinSquare.png */; };
		160B938A1EF9148B009019DC /* LeBlancSquare.png in Resources */ = {isa = PBXBuildFile; fileRef = 160B93341EF9148B009019DC /* LeBlancSquare.png */; };
		160B938B1EF9148B009019DC /* Kog'MawSquare.png in Resources */ = {isa = PBXBuildFile; fileRef = 160B93351EF9148B009019DC /* Kog'MawSquare.png */; };
		160B938C1EF9148B009019DC /* KledSquare.png in Resources */ = {isa = PBXBuildFile; fileRef = 160B93361EF9148B009019DC /* KledSquare.png */; };
		160B938D1EF9148B009019DC /* KindredSquare.png in Resources */ = {isa = PBXBuildFile; fileRef = 160B93371EF9148B009019DC /* KindredSquare.png */; };
		160B938E1EF9148B009019DC /* Kha'ZixSquare.png in Resources */ = {isa = PBXBuildFile; fileRef = 160B93381EF9148B009019DC /* Kha'ZixSquare.png */; };
		160B938F1EF9148B009019DC /* KennenSquare.png in Resources */ = {isa = PBXBuildFile; fileRef = 160B93391EF9148B009019DC /* KennenSquare.png */; };
		160B93901EF9148B009019DC /* KayleSquare.png in Resources */ = {isa = PBXBuildFile; fileRef = 160B933A1EF9148B009019DC /* KayleSquare.png */; };
		160B93911EF9148B009019DC /* KatarinaSquare.png in Resources */ = {isa = PBXBuildFile; fileRef = 160B933B1EF9148B009019DC /* KatarinaSquare.png */; };
		160B93921EF9148B009019DC /* KassadinSquare.png in Resources */ = {isa = PBXBuildFile; fileRef = 160B933C1EF9148B009019DC /* KassadinSquare.png */; };
		160B93941EF91532009019DC /* Xin ZhaoSquare.png in Resources */ = {isa = PBXBuildFile; fileRef = 160B93931EF91532009019DC /* Xin ZhaoSquare.png */; };
		160B93961EF92B79009019DC /* Twisted FateSquare.png in Resources */ = {isa = PBXBuildFile; fileRef = 160B93951EF92B79009019DC /* Twisted FateSquare.png */; };
		162517271F19540600FCE8A8 /* KaynSquare.png in Resources */ = {isa = PBXBuildFile; fileRef = 162517261F19540600FCE8A8 /* KaynSquare.png */; };
		163CBEAA1DA18D1E00684ADA /* Player.cpp in Sources */ = {isa = PBXBuildFile; fileRef = 163CBEA81DA18D1E00684ADA /* Player.cpp */; };
		163CBEAD1DA1913E00684ADA /* ChampionList.cpp in Sources */ = {isa = PBXBuildFile; fileRef = 163CBEAB1DA1913E00684ADA /* ChampionList.cpp */; };
		16C443871D9FDBA900743183 /* ResourcePath.mm in Sources */ = {isa = PBXBuildFile; fileRef = 16C443861D9FDBA900743183 /* ResourcePath.mm */; };
		16C4438A1D9FDBA900743183 /* main.cpp in Sources */ = {isa = PBXBuildFile; fileRef = 16C443891D9FDBA900743183 /* main.cpp */; };
		16C4438D1D9FDBA900743183 /* cute_image.jpg in Resources */ = {isa = PBXBuildFile; fileRef = 16C4438C1D9FDBA900743183 /* cute_image.jpg */; };
		16C4438F1D9FDBA900743183 /* nice_music.ogg in Resources */ = {isa = PBXBuildFile; fileRef = 16C4438E1D9FDBA900743183 /* nice_music.ogg */; };
		16C443911D9FDBA900743183 /* sansation.ttf in Resources */ = {isa = PBXBuildFile; fileRef = 16C443901D9FDBA900743183 /* sansation.ttf */; };
		16C443931D9FDBA900743183 /* icon.png in Resources */ = {isa = PBXBuildFile; fileRef = 16C443921D9FDBA900743183 /* icon.png */; };
		16C443A71D9FDC3100743183 /* background.png in Resources */ = {isa = PBXBuildFile; fileRef = 16C443991D9FDC3100743183 /* background.png */; };
		16C443A81D9FDC3100743183 /* blueside.png in Resources */ = {isa = PBXBuildFile; fileRef = 16C4439A1D9FDC3100743183 /* blueside.png */; };
		16C443A91D9FDC3100743183 /* blueside.xcf in Resources */ = {isa = PBXBuildFile; fileRef = 16C4439B1D9FDC3100743183 /* blueside.xcf */; };
		16C443AA1D9FDC3100743183 /* Env_Color_Base.jpg in Resources */ = {isa = PBXBuildFile; fileRef = 16C4439C1D9FDC3100743183 /* Env_Color_Base.jpg */; };
		16C443AB1D9FDC3100743183 /* EventLog.cpp in Sources */ = {isa = PBXBuildFile; fileRef = 16C4439D1D9FDC3100743183 /* EventLog.cpp */; };
		16C443AC1D9FDC3100743183 /* fight_music1.ogg in Resources */ = {isa = PBXBuildFile; fileRef = 16C4439F1D9FDC3100743183 /* fight_music1.ogg */; };
		16C443AD1D9FDC3100743183 /* Game.cpp in Sources */ = {isa = PBXBuildFile; fileRef = 16C443A01D9FDC3100743183 /* Game.cpp */; };
		16C443AE1D9FDC3100743183 /* map.png in Resources */ = {isa = PBXBuildFile; fileRef = 16C443A21D9FDC3100743183 /* map.png */; };
		16C443AF1D9FDC3100743183 /* scoreboard.png in Resources */ = {isa = PBXBuildFile; fileRef = 16C443A31D9FDC3100743183 /* scoreboard.png */; };
		16C443B01D9FDC3100743183 /* scoreboard.xcf in Resources */ = {isa = PBXBuildFile; fileRef = 16C443A41D9FDC3100743183 /* scoreboard.xcf */; };
		16C443B11D9FDC3100743183 /* Test-Info.plist in Resources */ = {isa = PBXBuildFile; fileRef = 16C443A51D9FDC3100743183 /* Test-Info.plist */; };
		16C443B21D9FDC3100743183 /* Tile.png in Resources */ = {isa = PBXBuildFile; fileRef = 16C443A61D9FDC3100743183 /* Tile.png */; };
/* End PBXBuildFile section */

/* Begin PBXFileReference section */
		160B92811EF8E563009019DC /* KarthusSquare.png */ = {isa = PBXFileReference; lastKnownFileType = image.png; path = KarthusSquare.png; sourceTree = "<group>"; };
		160B92821EF8E563009019DC /* KarmaSquare.png */ = {isa = PBXFileReference; lastKnownFileType = image.png; path = KarmaSquare.png; sourceTree = "<group>"; };
		160B92831EF8E563009019DC /* KalistaSquare.png */ = {isa = PBXFileReference; lastKnownFileType = image.png; path = KalistaSquare.png; sourceTree = "<group>"; };
		160B92841EF8E563009019DC /* JinxSquare.png */ = {isa = PBXFileReference; lastKnownFileType = image.png; path = JinxSquare.png; sourceTree = "<group>"; };
		160B92851EF8E563009019DC /* JhinSquare.png */ = {isa = PBXFileReference; lastKnownFileType = image.png; path = JhinSquare.png; sourceTree = "<group>"; };
		160B92861EF8E563009019DC /* JayceSquare.png */ = {isa = PBXFileReference; lastKnownFileType = image.png; path = JayceSquare.png; sourceTree = "<group>"; };
		160B92871EF8E563009019DC /* JaxSquare.png */ = {isa = PBXFileReference; lastKnownFileType = image.png; path = JaxSquare.png; sourceTree = "<group>"; };
		160B92881EF8E563009019DC /* Jarvan IVSquare.png */ = {isa = PBXFileReference; lastKnownFileType = image.png; path = "Jarvan IVSquare.png"; sourceTree = "<group>"; };
		160B92891EF8E563009019DC /* JannaSquare.png */ = {isa = PBXFileReference; lastKnownFileType = image.png; path = JannaSquare.png; sourceTree = "<group>"; };
		160B928A1EF8E563009019DC /* IvernSquare.png */ = {isa = PBXFileReference; lastKnownFileType = image.png; path = IvernSquare.png; sourceTree = "<group>"; };
		160B928B1EF8E563009019DC /* IreliaSquare.png */ = {isa = PBXFileReference; lastKnownFileType = image.png; path = IreliaSquare.png; sourceTree = "<group>"; };
		160B928C1EF8E563009019DC /* IllaoiSquare.png */ = {isa = PBXFileReference; lastKnownFileType = image.png; path = IllaoiSquare.png; sourceTree = "<group>"; };
		160B928D1EF8E563009019DC /* HeimerdingerSquare.png */ = {isa = PBXFileReference; lastKnownFileType = image.png; path = HeimerdingerSquare.png; sourceTree = "<group>"; };
		160B928E1EF8E563009019DC /* HecarimSquare.png */ = {isa = PBXFileReference; lastKnownFileType = image.png; path = HecarimSquare.png; sourceTree = "<group>"; };
		160B928F1EF8E563009019DC /* GravesSquare.png */ = {isa = PBXFileReference; lastKnownFileType = image.png; path = GravesSquare.png; sourceTree = "<group>"; };
		160B92901EF8E563009019DC /* GragasSquare (1).png */ = {isa = PBXFileReference; lastKnownFileType = image.png; path = "GragasSquare (1).png"; sourceTree = "<group>"; };
		160B92911EF8E563009019DC /* GragasSquare.png */ = {isa = PBXFileReference; lastKnownFileType = image.png; path = GragasSquare.png; sourceTree = "<group>"; };
		160B92921EF8E563009019DC /* GnarSquare.png */ = {isa = PBXFileReference; lastKnownFileType = image.png; path = GnarSquare.png; sourceTree = "<group>"; };
		160B92931EF8E563009019DC /* GarenSquare.png */ = {isa = PBXFileReference; lastKnownFileType = image.png; path = GarenSquare.png; sourceTree = "<group>"; };
		160B92941EF8E563009019DC /* GangplankSquare.png */ = {isa = PBXFileReference; lastKnownFileType = image.png; path = GangplankSquare.png; sourceTree = "<group>"; };
		160B92951EF8E563009019DC /* GalioSquare.png */ = {isa = PBXFileReference; lastKnownFileType = image.png; path = GalioSquare.png; sourceTree = "<group>"; };
		160B92961EF8E563009019DC /* FizzSquare.png */ = {isa = PBXFileReference; lastKnownFileType = image.png; path = FizzSquare.png; sourceTree = "<group>"; };
		160B92971EF8E563009019DC /* FioraSquare.png */ = {isa = PBXFileReference; lastKnownFileType = image.png; path = FioraSquare.png; sourceTree = "<group>"; };
		160B92981EF8E563009019DC /* FiddlesticksSquare.png */ = {isa = PBXFileReference; lastKnownFileType = image.png; path = FiddlesticksSquare.png; sourceTree = "<group>"; };
		160B92991EF8E563009019DC /* EzrealSquare.png */ = {isa = PBXFileReference; lastKnownFileType = image.png; path = EzrealSquare.png; sourceTree = "<group>"; };
		160B929A1EF8E563009019DC /* EvelynnSquare.png */ = {isa = PBXFileReference; lastKnownFileType = image.png; path = EvelynnSquare.png; sourceTree = "<group>"; };
		160B929B1EF8E563009019DC /* EliseSquare.png */ = {isa = PBXFileReference; lastKnownFileType = image.png; path = EliseSquare.png; sourceTree = "<group>"; };
		160B929C1EF8E563009019DC /* EkkoSquare.png */ = {isa = PBXFileReference; lastKnownFileType = image.png; path = EkkoSquare.png; sourceTree = "<group>"; };
		160B929D1EF8E563009019DC /* DravenSquare.png */ = {isa = PBXFileReference; lastKnownFileType = image.png; path = DravenSquare.png; sourceTree = "<group>"; };
		160B929E1EF8E563009019DC /* Dr. MundoSquare.png */ = {isa = PBXFileReference; lastKnownFileType = image.png; path = "Dr. MundoSquare.png"; sourceTree = "<group>"; };
		160B929F1EF8E563009019DC /* DianaSquare.png */ = {isa = PBXFileReference; lastKnownFileType = image.png; path = DianaSquare.png; sourceTree = "<group>"; };
		160B92A01EF8E563009019DC /* DariusSquare.png */ = {isa = PBXFileReference; lastKnownFileType = image.png; path = DariusSquare.png; sourceTree = "<group>"; };
		160B92A11EF8E563009019DC /* CorkiSquare.png */ = {isa = PBXFileReference; lastKnownFileType = image.png; path = CorkiSquare.png; sourceTree = "<group>"; };
		160B92A21EF8E563009019DC /* Cho'GathSquare.png */ = {isa = PBXFileReference; lastKnownFileType = image.png; path = "Cho'GathSquare.png"; sourceTree = "<group>"; };
		160B92A31EF8E563009019DC /* CassiopeiaSquare.png */ = {isa = PBXFileReference; lastKnownFileType = image.png; path = CassiopeiaSquare.png; sourceTree = "<group>"; };
		160B92A41EF8E563009019DC /* CamilleSquare.png */ = {isa = PBXFileReference; lastKnownFileType = image.png; path = CamilleSquare.png; sourceTree = "<group>"; };
		160B92A51EF8E563009019DC /* CaitlynSquare.png */ = {isa = PBXFileReference; lastKnownFileType = image.png; path = CaitlynSquare.png; sourceTree = "<group>"; };
		160B92A61EF8E563009019DC /* BraumSquare.png */ = {isa = PBXFileReference; lastKnownFileType = image.png; path = BraumSquare.png; sourceTree = "<group>"; };
		160B92A71EF8E563009019DC /* BrandSquare.png */ = {isa = PBXFileReference; lastKnownFileType = image.png; path = BrandSquare.png; sourceTree = "<group>"; };
		160B92A81EF8E563009019DC /* BlitzcrankSquare.png */ = {isa = PBXFileReference; lastKnownFileType = image.png; path = BlitzcrankSquare.png; sourceTree = "<group>"; };
		160B92A91EF8E563009019DC /* BardSquare.png */ = {isa = PBXFileReference; lastKnownFileType = image.png; path = BardSquare.png; sourceTree = "<group>"; };
		160B92AA1EF8E563009019DC /* AzirSquare.png */ = {isa = PBXFileReference; lastKnownFileType = image.png; path = AzirSquare.png; sourceTree = "<group>"; };
		160B92AB1EF8E563009019DC /* Aurelion SolSquare.png */ = {isa = PBXFileReference; lastKnownFileType = image.png; path = "Aurelion SolSquare.png"; sourceTree = "<group>"; };
		160B92AC1EF8E563009019DC /* AsheSquare.png */ = {isa = PBXFileReference; lastKnownFileType = image.png; path = AsheSquare.png; sourceTree = "<group>"; };
		160B92AD1EF8E563009019DC /* AnnieSquare.png */ = {isa = PBXFileReference; lastKnownFileType = image.png; path = AnnieSquare.png; sourceTree = "<group>"; };
		160B92AE1EF8E563009019DC /* AniviaSquare.png */ = {isa = PBXFileReference; lastKnownFileType = image.png; path = AniviaSquare.png; sourceTree = "<group>"; };
		160B92AF1EF8E563009019DC /* AmumuSquare.png */ = {isa = PBXFileReference; lastKnownFileType = image.png; path = AmumuSquare.png; sourceTree = "<group>"; };
		160B92B01EF8E563009019DC /* AlistarSquare.png */ = {isa = PBXFileReference; lastKnownFileType = image.png; path = AlistarSquare.png; sourceTree = "<group>"; };
		160B92B11EF8E563009019DC /* AkaliSquare.png */ = {isa = PBXFileReference; lastKnownFileType = image.png; path = AkaliSquare.png; sourceTree = "<group>"; };
		160B92B21EF8E563009019DC /* AhriSquare.png */ = {isa = PBXFileReference; lastKnownFileType = image.png; path = AhriSquare.png; sourceTree = "<group>"; };
		160B92B31EF8E563009019DC /* AatroxSquare.png */ = {isa = PBXFileReference; lastKnownFileType = image.png; path = AatroxSquare.png; sourceTree = "<group>"; };
		160B92E71EF9148B009019DC /* ZyraSquare.png */ = {isa = PBXFileReference; lastKnownFileType = image.png; path = ZyraSquare.png; sourceTree = "<group>"; };
		160B92E81EF9148B009019DC /* ZileanSquare.png */ = {isa = PBXFileReference; lastKnownFileType = image.png; path = ZileanSquare.png; sourceTree = "<group>"; };
		160B92E91EF9148B009019DC /* ZiggsSquare.png */ = {isa = PBXFileReference; lastKnownFileType = image.png; path = ZiggsSquare.png; sourceTree = "<group>"; };
		160B92EA1EF9148B009019DC /* ZedSquare.png */ = {isa = PBXFileReference; lastKnownFileType = image.png; path = ZedSquare.png; sourceTree = "<group>"; };
		160B92EB1EF9148B009019DC /* ZacSquare.png */ = {isa = PBXFileReference; lastKnownFileType = image.png; path = ZacSquare.png; sourceTree = "<group>"; };
		160B92EC1EF9148B009019DC /* YorickSquare.png */ = {isa = PBXFileReference; lastKnownFileType = image.png; path = YorickSquare.png; sourceTree = "<group>"; };
		160B92ED1EF9148B009019DC /* YasuoSquare.png */ = {isa = PBXFileReference; lastKnownFileType = image.png; path = YasuoSquare.png; sourceTree = "<group>"; };
		160B92EF1EF9148B009019DC /* XerathSquare.png */ = {isa = PBXFileReference; lastKnownFileType = image.png; path = XerathSquare.png; sourceTree = "<group>"; };
		160B92F01EF9148B009019DC /* XayahSquare.png */ = {isa = PBXFileReference; lastKnownFileType = image.png; path = XayahSquare.png; sourceTree = "<group>"; };
		160B92F11EF9148B009019DC /* WukongSquare.png */ = {isa = PBXFileReference; lastKnownFileType = image.png; path = WukongSquare.png; sourceTree = "<group>"; };
		160B92F21EF9148B009019DC /* WarwickSquare.png */ = {isa = PBXFileReference; lastKnownFileType = image.png; path = WarwickSquare.png; sourceTree = "<group>"; };
		160B92F31EF9148B009019DC /* VolibearSquare.png */ = {isa = PBXFileReference; lastKnownFileType = image.png; path = VolibearSquare.png; sourceTree = "<group>"; };
		160B92F41EF9148B009019DC /* VladimirSquare.png */ = {isa = PBXFileReference; lastKnownFileType = image.png; path = VladimirSquare.png; sourceTree = "<group>"; };
		160B92F51EF9148B009019DC /* ViSquare.png */ = {isa = PBXFileReference; lastKnownFileType = image.png; path = ViSquare.png; sourceTree = "<group>"; };
		160B92F61EF9148B009019DC /* ViktorSquare.png */ = {isa = PBXFileReference; lastKnownFileType = image.png; path = ViktorSquare.png; sourceTree = "<group>"; };
		160B92F71EF9148B009019DC /* Vel'KozSquare.png */ = {isa = PBXFileReference; lastKnownFileType = image.png; path = "Vel'KozSquare.png"; sourceTree = "<group>"; };
		160B92F81EF9148B009019DC /* VeigarSquare.png */ = {isa = PBXFileReference; lastKnownFileType = image.png; path = VeigarSquare.png; sourceTree = "<group>"; };
		160B92F91EF9148B009019DC /* VayneSquare.png */ = {isa = PBXFileReference; lastKnownFileType = image.png; path = VayneSquare.png; sourceTree = "<group>"; };
		160B92FA1EF9148B009019DC /* VarusSquare.png */ = {isa = PBXFileReference; lastKnownFileType = image.png; path = VarusSquare.png; sourceTree = "<group>"; };
		160B92FB1EF9148B009019DC /* UrgotSquare.png */ = {isa = PBXFileReference; lastKnownFileType = image.png; path = UrgotSquare.png; sourceTree = "<group>"; };
		160B92FC1EF9148B009019DC /* UdyrSquare.png */ = {isa = PBXFileReference; lastKnownFileType = image.png; path = UdyrSquare.png; sourceTree = "<group>"; };
		160B92FD1EF9148B009019DC /* TwitchSquare.png */ = {isa = PBXFileReference; lastKnownFileType = image.png; path = TwitchSquare.png; sourceTree = "<group>"; };
		160B92FF1EF9148B009019DC /* TryndamereSquare.png */ = {isa = PBXFileReference; lastKnownFileType = image.png; path = TryndamereSquare.png; sourceTree = "<group>"; };
		160B93001EF9148B009019DC /* TrundleSquare.png */ = {isa = PBXFileReference; lastKnownFileType = image.png; path = TrundleSquare.png; sourceTree = "<group>"; };
		160B93011EF9148B009019DC /* TristanaSquare.png */ = {isa = PBXFileReference; lastKnownFileType = image.png; path = TristanaSquare.png; sourceTree = "<group>"; };
		160B93021EF9148B009019DC /* ThreshSquare.png */ = {isa = PBXFileReference; lastKnownFileType = image.png; path = ThreshSquare.png; sourceTree = "<group>"; };
		160B93031EF9148B009019DC /* TeemoSquare.png */ = {isa = PBXFileReference; lastKnownFileType = image.png; path = TeemoSquare.png; sourceTree = "<group>"; };
		160B93041EF9148B009019DC /* TaricSquare.png */ = {isa = PBXFileReference; lastKnownFileType = image.png; path = TaricSquare.png; sourceTree = "<group>"; };
		160B93051EF9148B009019DC /* TalonSquare.png */ = {isa = PBXFileReference; lastKnownFileType = image.png; path = TalonSquare.png; sourceTree = "<group>"; };
		160B93061EF9148B009019DC /* TaliyahSquare.png */ = {isa = PBXFileReference; lastKnownFileType = image.png; path = TaliyahSquare.png; sourceTree = "<group>"; };
		160B93071EF9148B009019DC /* Tahm KenchSquare.png */ = {isa = PBXFileReference; lastKnownFileType = image.png; path = "Tahm KenchSquare.png"; sourceTree = "<group>"; };
		160B93081EF9148B009019DC /* SyndraSquare.png */ = {isa = PBXFileReference; lastKnownFileType = image.png; path = SyndraSquare.png; sourceTree = "<group>"; };
		160B93091EF9148B009019DC /* SwainSquare.png */ = {isa = PBXFileReference; lastKnownFileType = image.png; path = SwainSquare.png; sourceTree = "<group>"; };
		160B930A1EF9148B009019DC /* SorakaSquare.png */ = {isa = PBXFileReference; lastKnownFileType = image.png; path = SorakaSquare.png; sourceTree = "<group>"; };
		160B930B1EF9148B009019DC /* SonaSquare.png */ = {isa = PBXFileReference; lastKnownFileType = image.png; path = SonaSquare.png; sourceTree = "<group>"; };
		160B930C1EF9148B009019DC /* SkarnerSquare.png */ = {isa = PBXFileReference; lastKnownFileType = image.png; path = SkarnerSquare.png; sourceTree = "<group>"; };
		160B930D1EF9148B009019DC /* SivirSquare.png */ = {isa = PBXFileReference; lastKnownFileType = image.png; path = SivirSquare.png; sourceTree = "<group>"; };
		160B930E1EF9148B009019DC /* SionSquare.png */ = {isa = PBXFileReference; lastKnownFileType = image.png; path = SionSquare.png; sourceTree = "<group>"; };
		160B930F1EF9148B009019DC /* SingedSquare.png */ = {isa = PBXFileReference; lastKnownFileType = image.png; path = SingedSquare.png; sourceTree = "<group>"; };
		160B93101EF9148B009019DC /* ShyvanaSquare.png */ = {isa = PBXFileReference; lastKnownFileType = image.png; path = ShyvanaSquare.png; sourceTree = "<group>"; };
		160B93111EF9148B009019DC /* ShenSquare.png */ = {isa = PBXFileReference; lastKnownFileType = image.png; path = ShenSquare.png; sourceTree = "<group>"; };
		160B93121EF9148B009019DC /* ShacoSquare.png */ = {isa = PBXFileReference; lastKnownFileType = image.png; path = ShacoSquare.png; sourceTree = "<group>"; };
		160B93131EF9148B009019DC /* SejuaniSquare.png */ = {isa = PBXFileReference; lastKnownFileType = image.png; path = SejuaniSquare.png; sourceTree = "<group>"; };
		160B93141EF9148B009019DC /* RyzeSquare.png */ = {isa = PBXFileReference; lastKnownFileType = image.png; path = RyzeSquare.png; sourceTree = "<group>"; };
		160B93151EF9148B009019DC /* RumbleSquare.png */ = {isa = PBXFileReference; lastKnownFileType = image.png; path = RumbleSquare.png; sourceTree = "<group>"; };
		160B93161EF9148B009019DC /* RivenSquare.png */ = {isa = PBXFileReference; lastKnownFileType = image.png; path = RivenSquare.png; sourceTree = "<group>"; };
		160B93171EF9148B009019DC /* RengarSquare.png */ = {isa = PBXFileReference; lastKnownFileType = image.png; path = RengarSquare.png; sourceTree = "<group>"; };
		160B93181EF9148B009019DC /* RenektonSquare.png */ = {isa = PBXFileReference; lastKnownFileType = image.png; path = RenektonSquare.png; sourceTree = "<group>"; };
		160B93191EF9148B009019DC /* Rek'SaiSquare.png */ = {isa = PBXFileReference; lastKnownFileType = image.png; path = "Rek'SaiSquare.png"; sourceTree = "<group>"; };
		160B931A1EF9148B009019DC /* RammusSquare.png */ = {isa = PBXFileReference; lastKnownFileType = image.png; path = RammusSquare.png; sourceTree = "<group>"; };
		160B931B1EF9148B009019DC /* RakanSquare.png */ = {isa = PBXFileReference; lastKnownFileType = image.png; path = RakanSquare.png; sourceTree = "<group>"; };
		160B931C1EF9148B009019DC /* QuinnSquare.png */ = {isa = PBXFileReference; lastKnownFileType = image.png; path = QuinnSquare.png; sourceTree = "<group>"; };
		160B931D1EF9148B009019DC /* PoppySquare.png */ = {isa = PBXFileReference; lastKnownFileType = image.png; path = PoppySquare.png; sourceTree = "<group>"; };
		160B931E1EF9148B009019DC /* PantheonSquare.png */ = {isa = PBXFileReference; lastKnownFileType = image.png; path = PantheonSquare.png; sourceTree = "<group>"; };
		160B931F1EF9148B009019DC /* OriannaSquare.png */ = {isa = PBXFileReference; lastKnownFileType = image.png; path = OriannaSquare.png; sourceTree = "<group>"; };
		160B93201EF9148B009019DC /* OlafSquare.png */ = {isa = PBXFileReference; lastKnownFileType = image.png; path = OlafSquare.png; sourceTree = "<group>"; };
		160B93211EF9148B009019DC /* NunuSquare.png */ = {isa = PBXFileReference; lastKnownFileType = image.png; path = NunuSquare.png; sourceTree = "<group>"; };
		160B93221EF9148B009019DC /* NocturneSquare.png */ = {isa = PBXFileReference; lastKnownFileType = image.png; path = NocturneSquare.png; sourceTree = "<group>"; };
		160B93231EF9148B009019DC /* NidaleeSquare.png */ = {isa = PBXFileReference; lastKnownFileType = image.png; path = NidaleeSquare.png; sourceTree = "<group>"; };
		160B93241EF9148B009019DC /* NautilusSquare.png */ = {isa = PBXFileReference; lastKnownFileType = image.png; path = NautilusSquare.png; sourceTree = "<group>"; };
		160B93251EF9148B009019DC /* NasusSquare.png */ = {isa = PBXFileReference; lastKnownFileType = image.png; path = NasusSquare.png; sourceTree = "<group>"; };
		160B93261EF9148B009019DC /* NamiSquare.png */ = {isa = PBXFileReference; lastKnownFileType = image.png; path = NamiSquare.png; sourceTree = "<group>"; };
		160B93271EF9148B009019DC /* MorganaSquare.png */ = {isa = PBXFileReference; lastKnownFileType = image.png; path = MorganaSquare.png; sourceTree = "<group>"; };
		160B93281EF9148B009019DC /* MordekaiserSquare.png */ = {isa = PBXFileReference; lastKnownFileType = image.png; path = MordekaiserSquare.png; sourceTree = "<group>"; };
		160B93291EF9148B009019DC /* Miss FortuneSquare.png */ = {isa = PBXFileReference; lastKnownFileType = image.png; path = "Miss FortuneSquare.png"; sourceTree = "<group>"; };
		160B932A1EF9148B009019DC /* Master YiSquare.png */ = {isa = PBXFileReference; lastKnownFileType = image.png; path = "Master YiSquare.png"; sourceTree = "<group>"; };
		160B932B1EF9148B009019DC /* MaokaiSquare.png */ = {isa = PBXFileReference; lastKnownFileType = image.png; path = MaokaiSquare.png; sourceTree = "<group>"; };
		160B932C1EF9148B009019DC /* MalzaharSquare.png */ = {isa = PBXFileReference; lastKnownFileType = image.png; path = MalzaharSquare.png; sourceTree = "<group>"; };
		160B932D1EF9148B009019DC /* MalphiteSquare.png */ = {isa = PBXFileReference; lastKnownFileType = image.png; path = MalphiteSquare.png; sourceTree = "<group>"; };
		160B932E1EF9148B009019DC /* LuxSquare.png */ = {isa = PBXFileReference; lastKnownFileType = image.png; path = LuxSquare.png; sourceTree = "<group>"; };
		160B932F1EF9148B009019DC /* LuluSquare.png */ = {isa = PBXFileReference; lastKnownFileType = image.png; path = LuluSquare.png; sourceTree = "<group>"; };
		160B93301EF9148B009019DC /* LucianSquare.png */ = {isa = PBXFileReference; lastKnownFileType = image.png; path = LucianSquare.png; sourceTree = "<group>"; };
		160B93311EF9148B009019DC /* LissandraSquare.png */ = {isa = PBXFileReference; lastKnownFileType = image.png; path = LissandraSquare.png; sourceTree = "<group>"; };
		160B93321EF9148B009019DC /* LeonaSquare.png */ = {isa = PBXFileReference; lastKnownFileType = image.png; path = LeonaSquare.png; sourceTree = "<group>"; };
		160B93331EF9148B009019DC /* Lee SinSquare.png */ = {isa = PBXFileReference; lastKnownFileType = image.png; path = "Lee SinSquare.png"; sourceTree = "<group>"; };
		160B93341EF9148B009019DC /* LeBlancSquare.png */ = {isa = PBXFileReference; lastKnownFileType = image.png; path = LeBlancSquare.png; sourceTree = "<group>"; };
		160B93351EF9148B009019DC /* Kog'MawSquare.png */ = {isa = PBXFileReference; lastKnownFileType = image.png; path = "Kog'MawSquare.png"; sourceTree = "<group>"; };
		160B93361EF9148B009019DC /* KledSquare.png */ = {isa = PBXFileReference; lastKnownFileType = image.png; path = KledSquare.png; sourceTree = "<group>"; };
		160B93371EF9148B009019DC /* KindredSquare.png */ = {isa = PBXFileReference; lastKnownFileType = image.png; path = KindredSquare.png; sourceTree = "<group>"; };
		160B93381EF9148B009019DC /* Kha'ZixSquare.png */ = {isa = PBXFileReference; lastKnownFileType = image.png; path = "Kha'ZixSquare.png"; sourceTree = "<group>"; };
		160B93391EF9148B009019DC /* KennenSquare.png */ = {isa = PBXFileReference; lastKnownFileType = image.png; path = KennenSquare.png; sourceTree = "<group>"; };
		160B933A1EF9148B009019DC /* KayleSquare.png */ = {isa = PBXFileReference; lastKnownFileType = image.png; path = KayleSquare.png; sourceTree = "<group>"; };
		160B933B1EF9148B009019DC /* KatarinaSquare.png */ = {isa = PBXFileReference; lastKnownFileType = image.png; path = KatarinaSquare.png; sourceTree = "<group>"; };
		160B933C1EF9148B009019DC /* KassadinSquare.png */ = {isa = PBXFileReference; lastKnownFileType = image.png; path = KassadinSquare.png; sourceTree = "<group>"; };
		160B93931EF91532009019DC /* Xin ZhaoSquare.png */ = {isa = PBXFileReference; lastKnownFileType = image.png; path = "Xin ZhaoSquare.png"; sourceTree = "<group>"; };
		160B93951EF92B79009019DC /* Twisted FateSquare.png */ = {isa = PBXFileReference; lastKnownFileType = image.png; path = "Twisted FateSquare.png"; sourceTree = "<group>"; };
		162517261F19540600FCE8A8 /* KaynSquare.png */ = {isa = PBXFileReference; lastKnownFileType = image.png; path = KaynSquare.png; sourceTree = "<group>"; };
		163CBEA81DA18D1E00684ADA /* Player.cpp */ = {isa = PBXFileReference; fileEncoding = 4; lastKnownFileType = sourcecode.cpp.cpp; path = Player.cpp; sourceTree = "<group>"; };
		163CBEA91DA18D1E00684ADA /* Player.hpp */ = {isa = PBXFileReference; fileEncoding = 4; lastKnownFileType = sourcecode.cpp.h; path = Player.hpp; sourceTree = "<group>"; };
		163CBEAB1DA1913E00684ADA /* ChampionList.cpp */ = {isa = PBXFileReference; fileEncoding = 4; lastKnownFileType = sourcecode.cpp.cpp; path = ChampionList.cpp; sourceTree = "<group>"; };
		163CBEAC1DA1913E00684ADA /* ChampionList.hpp */ = {isa = PBXFileReference; fileEncoding = 4; lastKnownFileType = sourcecode.cpp.h; path = ChampionList.hpp; sourceTree = "<group>"; };
		16C443811D9FDBA900743183 /* League of Legends Manager.app */ = {isa = PBXFileReference; explicitFileType = wrapper.application; includeInIndex = 0; path = "League of Legends Manager.app"; sourceTree = BUILT_PRODUCTS_DIR; };
		16C443851D9FDBA900743183 /* League of Legends Manager-Info.plist */ = {isa = PBXFileReference; lastKnownFileType = text.plist.xml; path = "League of Legends Manager-Info.plist"; sourceTree = "<group>"; };
		16C443861D9FDBA900743183 /* ResourcePath.mm */ = {isa = PBXFileReference; lastKnownFileType = sourcecode.cpp.objcpp; path = ResourcePath.mm; sourceTree = "<group>"; };
		16C443881D9FDBA900743183 /* ResourcePath.hpp */ = {isa = PBXFileReference; lastKnownFileType = sourcecode.cpp.h; path = ResourcePath.hpp; sourceTree = "<group>"; };
		16C443891D9FDBA900743183 /* main.cpp */ = {isa = PBXFileReference; lastKnownFileType = sourcecode.cpp.cpp; path = main.cpp; sourceTree = "<group>"; };
		16C4438C1D9FDBA900743183 /* cute_image.jpg */ = {isa = PBXFileReference; lastKnownFileType = image.jpeg; path = cute_image.jpg; sourceTree = "<group>"; };
		16C4438E1D9FDBA900743183 /* nice_music.ogg */ = {isa = PBXFileReference; lastKnownFileType = file; path = nice_music.ogg; sourceTree = "<group>"; };
		16C443901D9FDBA900743183 /* sansation.ttf */ = {isa = PBXFileReference; lastKnownFileType = file; path = sansation.ttf; sourceTree = "<group>"; };
		16C443921D9FDBA900743183 /* icon.png */ = {isa = PBXFileReference; lastKnownFileType = image.png; path = icon.png; sourceTree = "<group>"; };
		16C443991D9FDC3100743183 /* background.png */ = {isa = PBXFileReference; lastKnownFileType = image.png; path = background.png; sourceTree = "<group>"; };
		16C4439A1D9FDC3100743183 /* blueside.png */ = {isa = PBXFileReference; lastKnownFileType = image.png; path = blueside.png; sourceTree = "<group>"; };
		16C4439B1D9FDC3100743183 /* blueside.xcf */ = {isa = PBXFileReference; lastKnownFileType = file; path = blueside.xcf; sourceTree = "<group>"; };
		16C4439C1D9FDC3100743183 /* Env_Color_Base.jpg */ = {isa = PBXFileReference; lastKnownFileType = image.jpeg; path = Env_Color_Base.jpg; sourceTree = "<group>"; };
		16C4439D1D9FDC3100743183 /* EventLog.cpp */ = {isa = PBXFileReference; fileEncoding = 4; lastKnownFileType = sourcecode.cpp.cpp; path = EventLog.cpp; sourceTree = "<group>"; };
		16C4439E1D9FDC3100743183 /* EventLog.hpp */ = {isa = PBXFileReference; fileEncoding = 4; lastKnownFileType = sourcecode.cpp.h; path = EventLog.hpp; sourceTree = "<group>"; };
		16C4439F1D9FDC3100743183 /* fight_music1.ogg */ = {isa = PBXFileReference; lastKnownFileType = file; path = fight_music1.ogg; sourceTree = "<group>"; };
		16C443A01D9FDC3100743183 /* Game.cpp */ = {isa = PBXFileReference; fileEncoding = 4; lastKnownFileType = sourcecode.cpp.cpp; path = Game.cpp; sourceTree = "<group>"; };
		16C443A11D9FDC3100743183 /* Game.hpp */ = {isa = PBXFileReference; fileEncoding = 4; lastKnownFileType = sourcecode.cpp.h; path = Game.hpp; sourceTree = "<group>"; };
		16C443A21D9FDC3100743183 /* map.png */ = {isa = PBXFileReference; lastKnownFileType = image.png; path = map.png; sourceTree = "<group>"; };
		16C443A31D9FDC3100743183 /* scoreboard.png */ = {isa = PBXFileReference; lastKnownFileType = image.png; path = scoreboard.png; sourceTree = "<group>"; };
		16C443A41D9FDC3100743183 /* scoreboard.xcf */ = {isa = PBXFileReference; lastKnownFileType = file; path = scoreboard.xcf; sourceTree = "<group>"; };
		16C443A51D9FDC3100743183 /* Test-Info.plist */ = {isa = PBXFileReference; fileEncoding = 4; lastKnownFileType = text.plist.xml; path = "Test-Info.plist"; sourceTree = "<group>"; };
		16C443A61D9FDC3100743183 /* Tile.png */ = {isa = PBXFileReference; lastKnownFileType = image.png; path = Tile.png; sourceTree = "<group>"; };
/* End PBXFileReference section */

/* Begin PBXFrameworksBuildPhase section */
		16C4437D1D9FDBA900743183 /* Frameworks */ = {
			isa = PBXFrameworksBuildPhase;
			buildActionMask = 2147483647;
			files = (
			);
			runOnlyForDeploymentPostprocessing = 0;
		};
/* End PBXFrameworksBuildPhase section */

/* Begin PBXGroup section */
		16C443771D9FDBA900743183 = {
			isa = PBXGroup;
			children = (
				16C443831D9FDBA900743183 /* League of Legends Manager */,
				16C443821D9FDBA900743183 /* Products */,
			);
			sourceTree = "<group>";
		};
		16C443821D9FDBA900743183 /* Products */ = {
			isa = PBXGroup;
			children = (
				16C443811D9FDBA900743183 /* League of Legends Manager.app */,
			);
			name = Products;
			sourceTree = "<group>";
		};
		16C443831D9FDBA900743183 /* League of Legends Manager */ = {
			isa = PBXGroup;
			children = (
				16C443A01D9FDC3100743183 /* Game.cpp */,
				16C443A11D9FDC3100743183 /* Game.hpp */,
				16C4439D1D9FDC3100743183 /* EventLog.cpp */,
				16C4439E1D9FDC3100743183 /* EventLog.hpp */,
				16C443861D9FDBA900743183 /* ResourcePath.mm */,
				16C443881D9FDBA900743183 /* ResourcePath.hpp */,
				16C443891D9FDBA900743183 /* main.cpp */,
				163CBEAB1DA1913E00684ADA /* ChampionList.cpp */,
				163CBEAC1DA1913E00684ADA /* ChampionList.hpp */,
				163CBEA81DA18D1E00684ADA /* Player.cpp */,
				163CBEA91DA18D1E00684ADA /* Player.hpp */,
				16C4438B1D9FDBA900743183 /* Resources */,
				16C443841D9FDBA900743183 /* Supporting Files */,
			);
			path = "League of Legends Manager";
			sourceTree = "<group>";
		};
		16C443841D9FDBA900743183 /* Supporting Files */ = {
			isa = PBXGroup;
			children = (
				16C443A51D9FDC3100743183 /* Test-Info.plist */,
				16C443851D9FDBA900743183 /* League of Legends Manager-Info.plist */,
			);
			name = "Supporting Files";
			sourceTree = "<group>";
		};
		16C4438B1D9FDBA900743183 /* Resources */ = {
			isa = PBXGroup;
			children = (
				162517261F19540600FCE8A8 /* KaynSquare.png */,
				160B93951EF92B79009019DC /* Twisted FateSquare.png */,
				160B93931EF91532009019DC /* Xin ZhaoSquare.png */,
				160B92E71EF9148B009019DC /* ZyraSquare.png */,
				160B92E81EF9148B009019DC /* ZileanSquare.png */,
				160B92E91EF9148B009019DC /* ZiggsSquare.png */,
				160B92EA1EF9148B009019DC /* ZedSquare.png */,
				160B92EB1EF9148B009019DC /* ZacSquare.png */,
				160B92EC1EF9148B009019DC /* YorickSquare.png */,
				160B92ED1EF9148B009019DC /* YasuoSquare.png */,
				160B92EF1EF9148B009019DC /* XerathSquare.png */,
				160B92F01EF9148B009019DC /* XayahSquare.png */,
				160B92F11EF9148B009019DC /* WukongSquare.png */,
				160B92F21EF9148B009019DC /* WarwickSquare.png */,
				160B92F31EF9148B009019DC /* VolibearSquare.png */,
				160B92F41EF9148B009019DC /* VladimirSquare.png */,
				160B92F51EF9148B009019DC /* ViSquare.png */,
				160B92F61EF9148B009019DC /* ViktorSquare.png */,
				160B92F71EF9148B009019DC /* Vel'KozSquare.png */,
				160B92F81EF9148B009019DC /* VeigarSquare.png */,
				160B92F91EF9148B009019DC /* VayneSquare.png */,
				160B92FA1EF9148B009019DC /* VarusSquare.png */,
				160B92FB1EF9148B009019DC /* UrgotSquare.png */,
				160B92FC1EF9148B009019DC /* UdyrSquare.png */,
				160B92FD1EF9148B009019DC /* TwitchSquare.png */,
				160B92FF1EF9148B009019DC /* TryndamereSquare.png */,
				160B93001EF9148B009019DC /* TrundleSquare.png */,
				160B93011EF9148B009019DC /* TristanaSquare.png */,
				160B93021EF9148B009019DC /* ThreshSquare.png */,
				160B93031EF9148B009019DC /* TeemoSquare.png */,
				160B93041EF9148B009019DC /* TaricSquare.png */,
				160B93051EF9148B009019DC /* TalonSquare.png */,
				160B93061EF9148B009019DC /* TaliyahSquare.png */,
				160B93071EF9148B009019DC /* Tahm KenchSquare.png */,
				160B93081EF9148B009019DC /* SyndraSquare.png */,
				160B93091EF9148B009019DC /* SwainSquare.png */,
				160B930A1EF9148B009019DC /* SorakaSquare.png */,
				160B930B1EF9148B009019DC /* SonaSquare.png */,
				160B930C1EF9148B009019DC /* SkarnerSquare.png */,
				160B930D1EF9148B009019DC /* SivirSquare.png */,
				160B930E1EF9148B009019DC /* SionSquare.png */,
				160B930F1EF9148B009019DC /* SingedSquare.png */,
				160B93101EF9148B009019DC /* ShyvanaSquare.png */,
				160B93111EF9148B009019DC /* ShenSquare.png */,
				160B93121EF9148B009019DC /* ShacoSquare.png */,
				160B93131EF9148B009019DC /* SejuaniSquare.png */,
				160B93141EF9148B009019DC /* RyzeSquare.png */,
				160B93151EF9148B009019DC /* RumbleSquare.png */,
				160B93161EF9148B009019DC /* RivenSquare.png */,
				160B93171EF9148B009019DC /* RengarSquare.png */,
				160B93181EF9148B009019DC /* RenektonSquare.png */,
				160B93191EF9148B009019DC /* Rek'SaiSquare.png */,
				160B931A1EF9148B009019DC /* RammusSquare.png */,
				160B931B1EF9148B009019DC /* RakanSquare.png */,
				160B931C1EF9148B009019DC /* QuinnSquare.png */,
				160B931D1EF9148B009019DC /* PoppySquare.png */,
				160B931E1EF9148B009019DC /* PantheonSquare.png */,
				160B931F1EF9148B009019DC /* OriannaSquare.png */,
				160B93201EF9148B009019DC /* OlafSquare.png */,
				160B93211EF9148B009019DC /* NunuSquare.png */,
				160B93221EF9148B009019DC /* NocturneSquare.png */,
				160B93231EF9148B009019DC /* NidaleeSquare.png */,
				160B93241EF9148B009019DC /* NautilusSquare.png */,
				160B93251EF9148B009019DC /* NasusSquare.png */,
				160B93261EF9148B009019DC /* NamiSquare.png */,
				160B93271EF9148B009019DC /* MorganaSquare.png */,
				160B93281EF9148B009019DC /* MordekaiserSquare.png */,
				160B93291EF9148B009019DC /* Miss FortuneSquare.png */,
				160B932A1EF9148B009019DC /* Master YiSquare.png */,
				160B932B1EF9148B009019DC /* MaokaiSquare.png */,
				160B932C1EF9148B009019DC /* MalzaharSquare.png */,
				160B932D1EF9148B009019DC /* MalphiteSquare.png */,
				160B932E1EF9148B009019DC /* LuxSquare.png */,
				160B932F1EF9148B009019DC /* LuluSquare.png */,
				160B93301EF9148B009019DC /* LucianSquare.png */,
				160B93311EF9148B009019DC /* LissandraSquare.png */,
				160B93321EF9148B009019DC /* LeonaSquare.png */,
				160B93331EF9148B009019DC /* Lee SinSquare.png */,
				160B93341EF9148B009019DC /* LeBlancSquare.png */,
				160B93351EF9148B009019DC /* Kog'MawSquare.png */,
				160B93361EF9148B009019DC /* KledSquare.png */,
				160B93371EF9148B009019DC /* KindredSquare.png */,
				160B93381EF9148B009019DC /* Kha'ZixSquare.png */,
				160B93391EF9148B009019DC /* KennenSquare.png */,
				160B933A1EF9148B009019DC /* KayleSquare.png */,
				160B933B1EF9148B009019DC /* KatarinaSquare.png */,
				160B933C1EF9148B009019DC /* KassadinSquare.png */,
				160B92811EF8E563009019DC /* KarthusSquare.png */,
				160B92821EF8E563009019DC /* KarmaSquare.png */,
				160B92831EF8E563009019DC /* KalistaSquare.png */,
				160B92841EF8E563009019DC /* JinxSquare.png */,
				160B92851EF8E563009019DC /* JhinSquare.png */,
				160B92861EF8E563009019DC /* JayceSquare.png */,
				160B92871EF8E563009019DC /* JaxSquare.png */,
				160B92881EF8E563009019DC /* Jarvan IVSquare.png */,
				160B92891EF8E563009019DC /* JannaSquare.png */,
				160B928A1EF8E563009019DC /* IvernSquare.png */,
				160B928B1EF8E563009019DC /* IreliaSquare.png */,
				160B928C1EF8E563009019DC /* IllaoiSquare.png */,
				160B928D1EF8E563009019DC /* HeimerdingerSquare.png */,
				160B928E1EF8E563009019DC /* HecarimSquare.png */,
				160B928F1EF8E563009019DC /* GravesSquare.png */,
				160B92901EF8E563009019DC /* GragasSquare (1).png */,
				160B92911EF8E563009019DC /* GragasSquare.png */,
				160B92921EF8E563009019DC /* GnarSquare.png */,
				160B92931EF8E563009019DC /* GarenSquare.png */,
				160B92941EF8E563009019DC /* GangplankSquare.png */,
				160B92951EF8E563009019DC /* GalioSquare.png */,
				160B92961EF8E563009019DC /* FizzSquare.png */,
				160B92971EF8E563009019DC /* FioraSquare.png */,
				160B92981EF8E563009019DC /* FiddlesticksSquare.png */,
				160B92991EF8E563009019DC /* EzrealSquare.png */,
				160B929A1EF8E563009019DC /* EvelynnSquare.png */,
				160B929B1EF8E563009019DC /* EliseSquare.png */,
				160B929C1EF8E563009019DC /* EkkoSquare.png */,
				160B929D1EF8E563009019DC /* DravenSquare.png */,
				160B929E1EF8E563009019DC /* Dr. MundoSquare.png */,
				160B929F1EF8E563009019DC /* DianaSquare.png */,
				160B92A01EF8E563009019DC /* DariusSquare.png */,
				160B92A11EF8E563009019DC /* CorkiSquare.png */,
				160B92A21EF8E563009019DC /* Cho'GathSquare.png */,
				160B92A31EF8E563009019DC /* CassiopeiaSquare.png */,
				160B92A41EF8E563009019DC /* CamilleSquare.png */,
				160B92A51EF8E563009019DC /* CaitlynSquare.png */,
				160B92A61EF8E563009019DC /* BraumSquare.png */,
				160B92A71EF8E563009019DC /* BrandSquare.png */,
				160B92A81EF8E563009019DC /* BlitzcrankSquare.png */,
				160B92A91EF8E563009019DC /* BardSquare.png */,
				160B92AA1EF8E563009019DC /* AzirSquare.png */,
				160B92AB1EF8E563009019DC /* Aurelion SolSquare.png */,
				160B92AC1EF8E563009019DC /* AsheSquare.png */,
				160B92AD1EF8E563009019DC /* AnnieSquare.png */,
				160B92AE1EF8E563009019DC /* AniviaSquare.png */,
				160B92AF1EF8E563009019DC /* AmumuSquare.png */,
				160B92B01EF8E563009019DC /* AlistarSquare.png */,
				160B92B11EF8E563009019DC /* AkaliSquare.png */,
				160B92B21EF8E563009019DC /* AhriSquare.png */,
				160B92B31EF8E563009019DC /* AatroxSquare.png */,
				16C443A41D9FDC3100743183 /* scoreboard.xcf */,
				16C443A21D9FDC3100743183 /* map.png */,
				16C443A31D9FDC3100743183 /* scoreboard.png */,
				16C4439C1D9FDC3100743183 /* Env_Color_Base.jpg */,
				16C443991D9FDC3100743183 /* background.png */,
				16C4439A1D9FDC3100743183 /* blueside.png */,
				16C4439B1D9FDC3100743183 /* blueside.xcf */,
				16C443A61D9FDC3100743183 /* Tile.png */,
				16C4439F1D9FDC3100743183 /* fight_music1.ogg */,
				16C4438C1D9FDBA900743183 /* cute_image.jpg */,
				16C4438E1D9FDBA900743183 /* nice_music.ogg */,
				16C443901D9FDBA900743183 /* sansation.ttf */,
				16C443921D9FDBA900743183 /* icon.png */,
			);
			name = Resources;
			sourceTree = "<group>";
		};
/* End PBXGroup section */

/* Begin PBXNativeTarget section */
		16C443801D9FDBA900743183 /* League of Legends Manager */ = {
			isa = PBXNativeTarget;
			buildConfigurationList = 16C443961D9FDBA900743183 /* Build configuration list for PBXNativeTarget "League of Legends Manager" */;
			buildPhases = (
				16C4437C1D9FDBA900743183 /* Sources */,
				16C4437D1D9FDBA900743183 /* Frameworks */,
				16C4437E1D9FDBA900743183 /* Resources */,
				16C4437F1D9FDBA900743183 /* ShellScript */,
			);
			buildRules = (
			);
			dependencies = (
			);
			name = "League of Legends Manager";
			productName = "League of Legends Manager";
			productReference = 16C443811D9FDBA900743183 /* League of Legends Manager.app */;
			productType = "com.apple.product-type.application";
		};
/* End PBXNativeTarget section */

/* Begin PBXProject section */
		16C443781D9FDBA900743183 /* Project object */ = {
			isa = PBXProject;
			attributes = {
				LastUpgradeCheck = 0810;
				ORGANIZATIONNAME = "Jacob Godbehere";
				TargetAttributes = {
					16C443801D9FDBA900743183 = {
						CreatedOnToolsVersion = 8.0;
						ProvisioningStyle = Automatic;
					};
				};
			};
			buildConfigurationList = 16C4437B1D9FDBA900743183 /* Build configuration list for PBXProject "League of Legends Manager" */;
			compatibilityVersion = "Xcode 3.2";
			developmentRegion = English;
			hasScannedForEncodings = 0;
			knownRegions = (
				en,
			);
			mainGroup = 16C443771D9FDBA900743183;
			productRefGroup = 16C443821D9FDBA900743183 /* Products */;
			projectDirPath = "";
			projectRoot = "";
			targets = (
				16C443801D9FDBA900743183 /* League of Legends Manager */,
			);
		};
/* End PBXProject section */

/* Begin PBXResourcesBuildPhase section */
		16C4437E1D9FDBA900743183 /* Resources */ = {
			isa = PBXResourcesBuildPhase;
			buildActionMask = 2147483647;
			files = (
				160B93631EF9148B009019DC /* SivirSquare.png in Resources */,
				160B93901EF9148B009019DC /* KayleSquare.png in Resources */,
				160B93761EF9148B009019DC /* OlafSquare.png in Resources */,
				160B92C21EF8E563009019DC /* GravesSquare.png in Resources */,
				160B93521EF9148B009019DC /* UdyrSquare.png in Resources */,
				160B92DA1EF8E563009019DC /* BrandSquare.png in Resources */,
				160B93491EF9148B009019DC /* VolibearSquare.png in Resources */,
				160B92E61EF8E563009019DC /* AatroxSquare.png in Resources */,
				160B93791EF9148B009019DC /* NidaleeSquare.png in Resources */,
				160B93651EF9148B009019DC /* SingedSquare.png in Resources */,
				160B92E01EF8E563009019DC /* AnnieSquare.png in Resources */,
				160B93681EF9148B009019DC /* ShacoSquare.png in Resources */,
				160B92E31EF8E563009019DC /* AlistarSquare.png in Resources */,
				160B93481EF9148B009019DC /* WarwickSquare.png in Resources */,
				160B92DE1EF8E563009019DC /* Aurelion SolSquare.png in Resources */,
				160B93821EF9148B009019DC /* MalzaharSquare.png in Resources */,
				160B937C1EF9148B009019DC /* NamiSquare.png in Resources */,
				16C443A81D9FDC3100743183 /* blueside.png in Resources */,
				160B938D1EF9148B009019DC /* KindredSquare.png in Resources */,
				160B93471EF9148B009019DC /* WukongSquare.png in Resources */,
				160B937E1EF9148B009019DC /* MordekaiserSquare.png in Resources */,
				160B934E1EF9148B009019DC /* VeigarSquare.png in Resources */,
				16C443A91D9FDC3100743183 /* blueside.xcf in Resources */,
				160B93561EF9148B009019DC /* TrundleSquare.png in Resources */,
				160B92D51EF8E563009019DC /* Cho'GathSquare.png in Resources */,
				160B93551EF9148B009019DC /* TryndamereSquare.png in Resources */,
				160B935B1EF9148B009019DC /* TalonSquare.png in Resources */,
				160B92E51EF8E563009019DC /* AhriSquare.png in Resources */,
				160B934F1EF9148B009019DC /* VayneSquare.png in Resources */,
				16C443AA1D9FDC3100743183 /* Env_Color_Base.jpg in Resources */,
				160B93921EF9148B009019DC /* KassadinSquare.png in Resources */,
				160B92B41EF8E563009019DC /* KarthusSquare.png in Resources */,
				160B93801EF9148B009019DC /* Master YiSquare.png in Resources */,
				160B93941EF91532009019DC /* Xin ZhaoSquare.png in Resources */,
				160B934B1EF9148B009019DC /* ViSquare.png in Resources */,
				160B93871EF9148B009019DC /* LissandraSquare.png in Resources */,
				160B935C1EF9148B009019DC /* TaliyahSquare.png in Resources */,
				160B938B1EF9148B009019DC /* Kog'MawSquare.png in Resources */,
				160B936C1EF9148B009019DC /* RivenSquare.png in Resources */,
				160B93831EF9148B009019DC /* MalphiteSquare.png in Resources */,
				160B93711EF9148B009019DC /* RakanSquare.png in Resources */,
				160B93601EF9148B009019DC /* SorakaSquare.png in Resources */,
				160B93581EF9148B009019DC /* ThreshSquare.png in Resources */,
				160B93431EF9148B009019DC /* YasuoSquare.png in Resources */,
				160B92D71EF8E563009019DC /* CamilleSquare.png in Resources */,
				160B92C31EF8E563009019DC /* GragasSquare (1).png in Resources */,
				160B92C11EF8E563009019DC /* HecarimSquare.png in Resources */,
				160B92DB1EF8E563009019DC /* BlitzcrankSquare.png in Resources */,
				160B93691EF9148B009019DC /* SejuaniSquare.png in Resources */,
				160B92BF1EF8E563009019DC /* IllaoiSquare.png in Resources */,
				160B93461EF9148B009019DC /* XayahSquare.png in Resources */,
				160B92BE1EF8E563009019DC /* IreliaSquare.png in Resources */,
				160B935D1EF9148B009019DC /* Tahm KenchSquare.png in Resources */,
				160B92C91EF8E563009019DC /* FizzSquare.png in Resources */,
				160B92B61EF8E563009019DC /* KalistaSquare.png in Resources */,
				16C443B21D9FDC3100743183 /* Tile.png in Resources */,
				160B92C01EF8E563009019DC /* HeimerdingerSquare.png in Resources */,
				160B92C71EF8E563009019DC /* GangplankSquare.png in Resources */,
				160B93501EF9148B009019DC /* VarusSquare.png in Resources */,
				160B92D11EF8E563009019DC /* Dr. MundoSquare.png in Resources */,
				16C443931D9FDBA900743183 /* icon.png in Resources */,
				160B92C41EF8E563009019DC /* GragasSquare.png in Resources */,
				160B93421EF9148B009019DC /* YorickSquare.png in Resources */,
				160B93881EF9148B009019DC /* LeonaSquare.png in Resources */,
				160B93661EF9148B009019DC /* ShyvanaSquare.png in Resources */,
				160B936F1EF9148B009019DC /* Rek'SaiSquare.png in Resources */,
				160B937A1EF9148B009019DC /* NautilusSquare.png in Resources */,
				160B92C51EF8E563009019DC /* GnarSquare.png in Resources */,
				16C443AE1D9FDC3100743183 /* map.png in Resources */,
				162517271F19540600FCE8A8 /* KaynSquare.png in Resources */,
				160B934D1EF9148B009019DC /* Vel'KozSquare.png in Resources */,
				16C443A71D9FDC3100743183 /* background.png in Resources */,
				160B936D1EF9148B009019DC /* RengarSquare.png in Resources */,
				160B935A1EF9148B009019DC /* TaricSquare.png in Resources */,
				160B92B51EF8E563009019DC /* KarmaSquare.png in Resources */,
				160B92BC1EF8E563009019DC /* JannaSquare.png in Resources */,
				16C443911D9FDBA900743183 /* sansation.ttf in Resources */,
				160B92E11EF8E563009019DC /* AniviaSquare.png in Resources */,
				160B936B1EF9148B009019DC /* RumbleSquare.png in Resources */,
				160B938C1EF9148B009019DC /* KledSquare.png in Resources */,
				160B935E1EF9148B009019DC /* SyndraSquare.png in Resources */,
				160B93701EF9148B009019DC /* RammusSquare.png in Resources */,
				160B92D21EF8E563009019DC /* DianaSquare.png in Resources */,
				160B92BA1EF8E563009019DC /* JaxSquare.png in Resources */,
				160B93741EF9148B009019DC /* PantheonSquare.png in Resources */,
				160B938A1EF9148B009019DC /* LeBlancSquare.png in Resources */,
				160B93531EF9148B009019DC /* TwitchSquare.png in Resources */,
				160B92C81EF8E563009019DC /* GalioSquare.png in Resources */,
				160B92B91EF8E563009019DC /* JayceSquare.png in Resources */,
				160B93851EF9148B009019DC /* LuluSquare.png in Resources */,
				160B936A1EF9148B009019DC /* RyzeSquare.png in Resources */,
				160B92D91EF8E563009019DC /* BraumSquare.png in Resources */,
				16C4438F1D9FDBA900743183 /* nice_music.ogg in Resources */,
				160B92CD1EF8E563009019DC /* EvelynnSquare.png in Resources */,
				160B93731EF9148B009019DC /* PoppySquare.png in Resources */,
				160B92CC1EF8E563009019DC /* EzrealSquare.png in Resources */,
				160B92D41EF8E563009019DC /* CorkiSquare.png in Resources */,
				160B93401EF9148B009019DC /* ZedSquare.png in Resources */,
				160B92D31EF8E563009019DC /* DariusSquare.png in Resources */,
				160B92BD1EF8E563009019DC /* IvernSquare.png in Resources */,
				160B92B81EF8E563009019DC /* JhinSquare.png in Resources */,
				160B934A1EF9148B009019DC /* VladimirSquare.png in Resources */,
				160B92CA1EF8E563009019DC /* FioraSquare.png in Resources */,
				160B937D1EF9148B009019DC /* MorganaSquare.png in Resources */,
				160B92CB1EF8E563009019DC /* FiddlesticksSquare.png in Resources */,
				160B938F1EF9148B009019DC /* KennenSquare.png in Resources */,
				16C4438D1D9FDBA900743183 /* cute_image.jpg in Resources */,
				160B935F1EF9148B009019DC /* SwainSquare.png in Resources */,
				160B92D01EF8E563009019DC /* DravenSquare.png in Resources */,
				160B92B71EF8E563009019DC /* JinxSquare.png in Resources */,
				160B92DF1EF8E563009019DC /* AsheSquare.png in Resources */,
				160B933F1EF9148B009019DC /* ZiggsSquare.png in Resources */,
				160B93411EF9148B009019DC /* ZacSquare.png in Resources */,
				160B936E1EF9148B009019DC /* RenektonSquare.png in Resources */,
				160B93771EF9148B009019DC /* NunuSquare.png in Resources */,
				160B92D81EF8E563009019DC /* CaitlynSquare.png in Resources */,
				160B93671EF9148B009019DC /* ShenSquare.png in Resources */,
				160B93511EF9148B009019DC /* UrgotSquare.png in Resources */,
				160B92CE1EF8E563009019DC /* EliseSquare.png in Resources */,
				160B93641EF9148B009019DC /* SionSquare.png in Resources */,
				160B92DC1EF8E563009019DC /* BardSquare.png in Resources */,
				160B93451EF9148B009019DC /* XerathSquare.png in Resources */,
				160B92E21EF8E563009019DC /* AmumuSquare.png in Resources */,
				160B92BB1EF8E563009019DC /* Jarvan IVSquare.png in Resources */,
				160B92DD1EF8E563009019DC /* AzirSquare.png in Resources */,
				16C443B01D9FDC3100743183 /* scoreboard.xcf in Resources */,
				160B933D1EF9148B009019DC /* ZyraSquare.png in Resources */,
				160B93591EF9148B009019DC /* TeemoSquare.png in Resources */,
				160B92E41EF8E563009019DC /* AkaliSquare.png in Resources */,
				160B93721EF9148B009019DC /* QuinnSquare.png in Resources */,
				160B933E1EF9148B009019DC /* ZileanSquare.png in Resources */,
				160B93841EF9148B009019DC /* LuxSquare.png in Resources */,
				160B93891EF9148B009019DC /* Lee SinSquare.png in Resources */,
				160B93751EF9148B009019DC /* OriannaSquare.png in Resources */,
				16C443B11D9FDC3100743183 /* Test-Info.plist in Resources */,
				160B93621EF9148B009019DC /* SkarnerSquare.png in Resources */,
				160B93861EF9148B009019DC /* LucianSquare.png in Resources */,
				160B937F1EF9148B009019DC /* Miss FortuneSquare.png in Resources */,
				160B92C61EF8E563009019DC /* GarenSquare.png in Resources */,
				160B93811EF9148B009019DC /* MaokaiSquare.png in Resources */,
				160B938E1EF9148B009019DC /* Kha'ZixSquare.png in Resources */,
				160B93611EF9148B009019DC /* SonaSquare.png in Resources */,
				160B92D61EF8E563009019DC /* CassiopeiaSquare.png in Resources */,
				160B93781EF9148B009019DC /* NocturneSquare.png in Resources */,
				160B92CF1EF8E563009019DC /* EkkoSquare.png in Resources */,
				160B93571EF9148B009019DC /* TristanaSquare.png in Resources */,
				160B93911EF9148B009019DC /* KatarinaSquare.png in Resources */,
				160B934C1EF9148B009019DC /* ViktorSquare.png in Resources */,
				160B937B1EF9148B009019DC /* NasusSquare.png in Resources */,
				160B93961EF92B79009019DC /* Twisted FateSquare.png in Resources */,
				16C443AF1D9FDC3100743183 /* scoreboard.png in Resources */,
				16C443AC1D9FDC3100743183 /* fight_music1.ogg in Resources */,
			);
			runOnlyForDeploymentPostprocessing = 0;
		};
/* End PBXResourcesBuildPhase section */

/* Begin PBXShellScriptBuildPhase section */
		16C4437F1D9FDBA900743183 /* ShellScript */ = {
			isa = PBXShellScriptBuildPhase;
			buildActionMask = 2147483647;
			files = (
			);
			inputPaths = (
			);
			outputPaths = (
			);
			runOnlyForDeploymentPostprocessing = 0;
			shellPath = /bin/sh;
			shellScript = "# This shell script simply copies required SFML dylibs/frameworks into the application bundle frameworks folder.\n# If you're using static libraries (which is not recommended) you should remove this script from your project.\n\n# SETTINGS\nCMAKE_INSTALL_FRAMEWORK_PREFIX=\"/Library/Frameworks\"\nCMAKE_INSTALL_LIB_PREFIX=\"/usr/local/lib\"\nFRAMEWORKS_FULL_PATH=\"$BUILT_PRODUCTS_DIR/$FRAMEWORKS_FOLDER_PATH/\"\n\n# Are we building a project that uses frameworks or dylibs?\ncase \"$SFML_BINARY_TYPE\" in\n    DYLIBS)\n        frameworks=\"false\"\n        ;;\n    *)\n        frameworks=\"true\"\n        ;;\nesac\n\n# Echoes to stderr\nerror () # $* message to display\n{\n    echo $* 1>&2\n    exit 2\n}\n\nassert () # $1 is a boolean, $2...N is an error message\n{\n    if [ $# -lt 2 ]\n    then\n        error \"Internal error in assert: not enough args\"\n    fi\n\n    if [ $1 -ne 0 ]\n    then\n        shift\n        error \"$*\"\n    fi\n}\n\nforce_remove () # $@ is some paths\n{\n    test $# -ge 1\n    assert $? \"force_remove() requires at least one parameter\"\n    rm -fr $@\n    assert $? \"couldn't remove $@\"\n}\n\ncopy () # $1 is a source, $2 is a destination\n{\n    test $# -eq 2\n    assert $? \"copy() requires two parameters\"\n    ditto \"$1\" \"$2\"\n    assert $? \"couldn't copy $1 to $2\"\n}\n\nrequire () # $1 is a SFML module like 'system' or 'audio'\n{\n    dest=\"$BUILT_PRODUCTS_DIR/$FRAMEWORKS_FOLDER_PATH/\"\n\n    if [ -z \"$1\" ]\n    then\n        error \"require() requires one parameter!\"\n    else\n        # clean potentially old stuff\n        force_remove \"$dest/libsfml-$1\"*\n        force_remove \"$dest/sfml-$1.framework\"\n\n        # copy SFML libraries\n        if [ \"$frameworks\" = \"true\" ]\n        then\n            source=\"$CMAKE_INSTALL_FRAMEWORK_PREFIX/sfml-$1.framework\"\n            target=\"sfml-$1.framework\"\n        elif [ \"$SFML_LINK_DYLIBS_SUFFIX\" = \"-d\" ]\n        then\n            source=\"$CMAKE_INSTALL_LIB_PREFIX/libsfml-$1-d.dylib\"\n            target=\"`readlink $source`\"\n        else\n            source=\"$CMAKE_INSTALL_LIB_PREFIX/libsfml-$1.dylib\"\n            target=\"`readlink $source`\"\n        fi\n\n        copy \"$source\" \"$dest/$target\"\n\n        # copy extra dependencies\n        if [ \"$1\" = \"audio\" ]\n        then\n            # copy \"FLAC\" \"ogg\" \"vorbis\" \"vorbisenc\" \"vorbisfile\" \"OpenAL\" frameworks too\n            for f in \"FLAC\" \"ogg\" \"vorbis\" \"vorbisenc\" \"vorbisfile\" \"OpenAL\"\n            do\n                copy \"$CMAKE_INSTALL_FRAMEWORK_PREFIX/$f.framework\" \"$dest/$f.framework\"\n            done\n        elif [ \"$1\" = \"graphics\" ]\n        then\n            copy \"$CMAKE_INSTALL_FRAMEWORK_PREFIX/freetype.framework\" \"$dest/freetype.framework\"\n        fi\n    fi\n}\n\nif [ -n \"$SFML_SYSTEM\" ]\nthen\n    require \"system\"\nfi\n\nif [ -n \"$SFML_AUDIO\" ]\nthen\n    require \"audio\"\nfi\n\nif [ -n \"$SFML_NETWORK\" ]\nthen\n    require \"network\"\nfi\n\nif [ -n \"$SFML_WINDOW\" ]\nthen\n    require \"window\"\nfi\n\nif [ -n \"$SFML_GRAPHICS\" ]\nthen\n    require \"graphics\"\nfi\n\n                ";
		};
/* End PBXShellScriptBuildPhase section */

/* Begin PBXSourcesBuildPhase section */
		16C4437C1D9FDBA900743183 /* Sources */ = {
			isa = PBXSourcesBuildPhase;
			buildActionMask = 2147483647;
			files = (
				163CBEAD1DA1913E00684ADA /* ChampionList.cpp in Sources */,
				16C4438A1D9FDBA900743183 /* main.cpp in Sources */,
				16C443AB1D9FDC3100743183 /* EventLog.cpp in Sources */,
				16C443871D9FDBA900743183 /* ResourcePath.mm in Sources */,
				16C443AD1D9FDC3100743183 /* Game.cpp in Sources */,
				163CBEAA1DA18D1E00684ADA /* Player.cpp in Sources */,
			);
			runOnlyForDeploymentPostprocessing = 0;
		};
/* End PBXSourcesBuildPhase section */

/* Begin XCBuildConfiguration section */
		16C443941D9FDBA900743183 /* Debug */ = {
			isa = XCBuildConfiguration;
			buildSettings = {
				CLANG_CXX_LANGUAGE_STANDARD = "c++0x";
				CLANG_CXX_LIBRARY = "libc++";
				CLANG_WARN_BOOL_CONVERSION = YES;
				CLANG_WARN_CONSTANT_CONVERSION = YES;
				CLANG_WARN_EMPTY_BODY = YES;
				CLANG_WARN_ENUM_CONVERSION = YES;
				CLANG_WARN_INFINITE_RECURSION = YES;
				CLANG_WARN_INT_CONVERSION = YES;
				CLANG_WARN_SUSPICIOUS_MOVE = YES;
				CLANG_WARN_UNREACHABLE_CODE = YES;
				CLANG_WARN__DUPLICATE_METHOD_MATCH = YES;
				ENABLE_STRICT_OBJC_MSGSEND = YES;
				ENABLE_TESTABILITY = YES;
				FRAMEWORK_SEARCH_PATHS = (
					/Library/Frameworks/,
					"$(inherited)",
				);
				GCC_NO_COMMON_BLOCKS = YES;
				GCC_VERSION = com.apple.compilers.llvm.clang.1_0;
				GCC_WARN_64_TO_32_BIT_CONVERSION = YES;
				GCC_WARN_ABOUT_RETURN_TYPE = YES;
				GCC_WARN_UNDECLARED_SELECTOR = YES;
				GCC_WARN_UNINITIALIZED_AUTOS = YES;
				GCC_WARN_UNUSED_FUNCTION = YES;
				GCC_WARN_UNUSED_VARIABLE = YES;
				HEADER_SEARCH_PATHS = (
					/usr/local/include/,
					"$(inherited)",
				);
				LIBRARY_SEARCH_PATHS = (
					/usr/local/lib/,
					"$(inherited)",
				);
				MACOSX_DEPLOYMENT_TARGET = 10.7;
				ONLY_ACTIVE_ARCH = YES;
				OTHER_LDFLAGS = (
					"$(inherited)",
					"$(SFML_SYSTEM)",
					"$(SFML_WINDOW)",
					"$(SFML_GRAPHICS)",
					"$(SFML_AUDIO)",
					"$(SFML_NETWORK)",
				);
				SFML_AUDIO = "$(SFML_LINK_PREFIX) sfml-audio$(SFML_LINK_SUFFIX)";
				SFML_BINARY_TYPE = FRAMEWORKS;
				SFML_GRAPHICS = "$(SFML_LINK_PREFIX) sfml-graphics$(SFML_LINK_SUFFIX)";
				SFML_LINK_DYLIBS_PREFIX = "-l";
				SFML_LINK_DYLIBS_SUFFIX = "";
				SFML_LINK_FRAMEWORKS_PREFIX = "-framework";
				SFML_LINK_FRAMEWORKS_SUFFIX = "";
				SFML_LINK_PREFIX = "$(SFML_LINK_$(SFML_BINARY_TYPE)_PREFIX)";
				SFML_LINK_SUFFIX = "$(SFML_LINK_$(SFML_BINARY_TYPE)_SUFFIX)";
				SFML_NETWORK = "$(SFML_LINK_PREFIX) sfml-network$(SFML_LINK_SUFFIX)";
				SFML_SYSTEM = "$(SFML_LINK_PREFIX) sfml-system$(SFML_LINK_SUFFIX)";
				SFML_WINDOW = "$(SFML_LINK_PREFIX) sfml-window$(SFML_LINK_SUFFIX)";
				SUPPORTED_PLATFORMS = macosx;
			};
			name = Debug;
		};
		16C443951D9FDBA900743183 /* Release */ = {
			isa = XCBuildConfiguration;
			buildSettings = {
				CLANG_CXX_LANGUAGE_STANDARD = "c++0x";
				CLANG_CXX_LIBRARY = "libc++";
				CLANG_WARN_BOOL_CONVERSION = YES;
				CLANG_WARN_CONSTANT_CONVERSION = YES;
				CLANG_WARN_EMPTY_BODY = YES;
				CLANG_WARN_ENUM_CONVERSION = YES;
				CLANG_WARN_INFINITE_RECURSION = YES;
				CLANG_WARN_INT_CONVERSION = YES;
				CLANG_WARN_SUSPICIOUS_MOVE = YES;
				CLANG_WARN_UNREACHABLE_CODE = YES;
				CLANG_WARN__DUPLICATE_METHOD_MATCH = YES;
				ENABLE_STRICT_OBJC_MSGSEND = YES;
				FRAMEWORK_SEARCH_PATHS = (
					/Library/Frameworks/,
					"$(inherited)",
				);
				GCC_NO_COMMON_BLOCKS = YES;
				GCC_VERSION = com.apple.compilers.llvm.clang.1_0;
				GCC_WARN_64_TO_32_BIT_CONVERSION = YES;
				GCC_WARN_ABOUT_RETURN_TYPE = YES;
				GCC_WARN_UNDECLARED_SELECTOR = YES;
				GCC_WARN_UNINITIALIZED_AUTOS = YES;
				GCC_WARN_UNUSED_FUNCTION = YES;
				GCC_WARN_UNUSED_VARIABLE = YES;
				HEADER_SEARCH_PATHS = (
					/usr/local/include/,
					"$(inherited)",
				);
				LIBRARY_SEARCH_PATHS = (
					/usr/local/lib/,
					"$(inherited)",
				);
				MACOSX_DEPLOYMENT_TARGET = 10.7;
				OTHER_LDFLAGS = (
					"$(inherited)",
					"$(SFML_SYSTEM)",
					"$(SFML_WINDOW)",
					"$(SFML_GRAPHICS)",
					"$(SFML_AUDIO)",
					"$(SFML_NETWORK)",
				);
				SFML_AUDIO = "$(SFML_LINK_PREFIX) sfml-audio$(SFML_LINK_SUFFIX)";
				SFML_BINARY_TYPE = FRAMEWORKS;
				SFML_GRAPHICS = "$(SFML_LINK_PREFIX) sfml-graphics$(SFML_LINK_SUFFIX)";
				SFML_LINK_DYLIBS_PREFIX = "-l";
				SFML_LINK_DYLIBS_SUFFIX = "";
				SFML_LINK_FRAMEWORKS_PREFIX = "-framework";
				SFML_LINK_FRAMEWORKS_SUFFIX = "";
				SFML_LINK_PREFIX = "$(SFML_LINK_$(SFML_BINARY_TYPE)_PREFIX)";
				SFML_LINK_SUFFIX = "$(SFML_LINK_$(SFML_BINARY_TYPE)_SUFFIX)";
				SFML_NETWORK = "$(SFML_LINK_PREFIX) sfml-network$(SFML_LINK_SUFFIX)";
				SFML_SYSTEM = "$(SFML_LINK_PREFIX) sfml-system$(SFML_LINK_SUFFIX)";
				SFML_WINDOW = "$(SFML_LINK_PREFIX) sfml-window$(SFML_LINK_SUFFIX)";
				SUPPORTED_PLATFORMS = macosx;
			};
			name = Release;
		};
		16C443971D9FDBA900743183 /* Debug */ = {
			isa = XCBuildConfiguration;
			buildSettings = {
				DEPLOYMENT_LOCATION = NO;
				INFOPLIST_FILE = "League of Legends Manager/League of Legends Manager-Info.plist";
				LD_RUNPATH_SEARCH_PATHS = "@loader_path/../Frameworks";
				PRODUCT_BUNDLE_IDENTIFIER = "JG.${PRODUCT_NAME:rfc1034identifier}";
				PRODUCT_NAME = "$(TARGET_NAME)";
			};
			name = Debug;
		};
		16C443981D9FDBA900743183 /* Release */ = {
			isa = XCBuildConfiguration;
			buildSettings = {
				DEPLOYMENT_LOCATION = NO;
				INFOPLIST_FILE = "League of Legends Manager/League of Legends Manager-Info.plist";
				LD_RUNPATH_SEARCH_PATHS = "@loader_path/../Frameworks";
				PRODUCT_BUNDLE_IDENTIFIER = "JG.${PRODUCT_NAME:rfc1034identifier}";
				PRODUCT_NAME = "$(TARGET_NAME)";
			};
			name = Release;
		};
/* End XCBuildConfiguration section */

/* Begin XCConfigurationList section */
		16C4437B1D9FDBA900743183 /* Build configuration list for PBXProject "League of Legends Manager" */ = {
			isa = XCConfigurationList;
			buildConfigurations = (
				16C443941D9FDBA900743183 /* Debug */,
				16C443951D9FDBA900743183 /* Release */,
			);
			defaultConfigurationIsVisible = 0;
			defaultConfigurationName = Release;
		};
		16C443961D9FDBA900743183 /* Build configuration list for PBXNativeTarget "League of Legends Manager" */ = {
			isa = XCConfigurationList;
			buildConfigurations = (
				16C443971D9FDBA900743183 /* Debug */,
				16C443981D9FDBA900743183 /* Release */,
			);
			defaultConfigurationIsVisible = 0;
			defaultConfigurationName = Release;
		};
/* End XCConfigurationList section */
	};
	rootObject = 16C443781D9FDBA900743183 /* Project object */;
}
